// !$*UTF8*$!
{
	archiveVersion = 1;
	classes = {
	};
	objectVersion = 46;
	objects = {

/* Begin PBXBuildFile section */
		239BBDB765A74B254C0F89BD /* libPods.a in Frameworks */ = {isa = PBXBuildFile; fileRef = 3766A7409970578ACAFAFA23 /* libPods.a */; };
		E202F74B1BB3658100D5E64D /* Document.swift in Sources */ = {isa = PBXBuildFile; fileRef = E202F74A1BB3658100D5E64D /* Document.swift */; settings = {ASSET_TAGS = (); }; };
		E208C68B1BB694F9005DF1EB /* Util.swift in Sources */ = {isa = PBXBuildFile; fileRef = E208C68A1BB694F9005DF1EB /* Util.swift */; settings = {ASSET_TAGS = (); }; };
		E21257B71BBCC779007425B2 /* SortingFilterTableViewCell.swift in Sources */ = {isa = PBXBuildFile; fileRef = E21257B61BBCC779007425B2 /* SortingFilterTableViewCell.swift */; settings = {ASSET_TAGS = (); }; };
		E22E72211BBCC5DD0082FE4B /* AuthorContentTableViewCell.swift in Sources */ = {isa = PBXBuildFile; fileRef = E22E72201BBCC5DD0082FE4B /* AuthorContentTableViewCell.swift */; settings = {ASSET_TAGS = (); }; };
		E23D17FC1BB915C900AB8D18 /* UIViewHelper.swift in Sources */ = {isa = PBXBuildFile; fileRef = E23D17FB1BB915C900AB8D18 /* UIViewHelper.swift */; settings = {ASSET_TAGS = (); }; };
		E241CF371BCA36CA00FE66A8 /* ArticleUser.swift in Sources */ = {isa = PBXBuildFile; fileRef = E241CF361BCA36CA00FE66A8 /* ArticleUser.swift */; settings = {ASSET_TAGS = (); }; };
		E246CE721BD1A2FA006A194D /* ImageAssests.swift in Sources */ = {isa = PBXBuildFile; fileRef = E246CE711BD1A2FA006A194D /* ImageAssests.swift */; settings = {ASSET_TAGS = (); }; };
		E246CE741BD1B9B4006A194D /* ArrayHelper.swift in Sources */ = {isa = PBXBuildFile; fileRef = E246CE731BD1B9B4006A194D /* ArrayHelper.swift */; settings = {ASSET_TAGS = (); }; };
		E246CE761BD1BDF4006A194D /* CollapseSectionHeaderView.swift in Sources */ = {isa = PBXBuildFile; fileRef = E246CE751BD1BDF4006A194D /* CollapseSectionHeaderView.swift */; settings = {ASSET_TAGS = (); }; };
		E246CE781BD1BE0F006A194D /* SessionCommentView.swift in Sources */ = {isa = PBXBuildFile; fileRef = E246CE771BD1BE0F006A194D /* SessionCommentView.swift */; settings = {ASSET_TAGS = (); }; };
		E246CE7A1BD1BE1A006A194D /* CustomRatingView.swift in Sources */ = {isa = PBXBuildFile; fileRef = E246CE791BD1BE1A006A194D /* CustomRatingView.swift */; settings = {ASSET_TAGS = (); }; };
		E246CE7D1BD1BE38006A194D /* NMRangeSlider.m in Sources */ = {isa = PBXBuildFile; fileRef = E246CE7C1BD1BE38006A194D /* NMRangeSlider.m */; settings = {ASSET_TAGS = (); }; };
		E246CE7F1BD1BE9D006A194D /* SessionCommentTableViewCell.swift in Sources */ = {isa = PBXBuildFile; fileRef = E246CE7E1BD1BE9D006A194D /* SessionCommentTableViewCell.swift */; settings = {ASSET_TAGS = (); }; };
		E246CE821BD1BFE4006A194D /* CollapseSectionHeaderView.xib in Resources */ = {isa = PBXBuildFile; fileRef = E246CE801BD1BFE4006A194D /* CollapseSectionHeaderView.xib */; settings = {ASSET_TAGS = (); }; };
		E246CE831BD1BFE4006A194D /* PostAuthorDetailView.xib in Resources */ = {isa = PBXBuildFile; fileRef = E246CE811BD1BFE4006A194D /* PostAuthorDetailView.xib */; settings = {ASSET_TAGS = (); }; };
		E253E3C41BCDDB34006A284F /* NotificationControlTableViewCell.swift in Sources */ = {isa = PBXBuildFile; fileRef = E253E3C31BCDDB34006A284F /* NotificationControlTableViewCell.swift */; settings = {ASSET_TAGS = (); }; };
		E25A5EF41BAFBC26000530F7 /* DocumentsViewController.swift in Sources */ = {isa = PBXBuildFile; fileRef = E25A5EF31BAFBC26000530F7 /* DocumentsViewController.swift */; settings = {ASSET_TAGS = (); }; };
		E25A5EF71BAFC58F000530F7 /* Session.swift in Sources */ = {isa = PBXBuildFile; fileRef = E25A5EF61BAFC58F000530F7 /* Session.swift */; settings = {ASSET_TAGS = (); }; };
		E26116E11BAB9E09002C0332 /* ArticleService.swift in Sources */ = {isa = PBXBuildFile; fileRef = E26116E01BAB9E09002C0332 /* ArticleService.swift */; settings = {ASSET_TAGS = (); }; };
		E26116E31BABA374002C0332 /* Article.swift in Sources */ = {isa = PBXBuildFile; fileRef = E26116E21BABA374002C0332 /* Article.swift */; settings = {ASSET_TAGS = (); }; };
		E264BB811BBDF7D800D4D7D5 /* StudentsFilterViewController.swift in Sources */ = {isa = PBXBuildFile; fileRef = E264BB801BBDF7D800D4D7D5 /* StudentsFilterViewController.swift */; settings = {ASSET_TAGS = (); }; };
		E26916441BB264BC001B1160 /* AssistantDetailViewController.swift in Sources */ = {isa = PBXBuildFile; fileRef = E26916431BB264BC001B1160 /* AssistantDetailViewController.swift */; settings = {ASSET_TAGS = (); }; };
		E279C83F1BBCCDD900FCC139 /* SortSelectionTableViewCell.swift in Sources */ = {isa = PBXBuildFile; fileRef = E279C83E1BBCCDD900FCC139 /* SortSelectionTableViewCell.swift */; settings = {ASSET_TAGS = (); }; };
		E2A41DDD1BC1A965003C00E9 /* SessionMapViewController.swift in Sources */ = {isa = PBXBuildFile; fileRef = E2A41DDC1BC1A965003C00E9 /* SessionMapViewController.swift */; settings = {ASSET_TAGS = (); }; };
		E2B2A76C1BAF65DF00691884 /* SessionTableViewCell.swift in Sources */ = {isa = PBXBuildFile; fileRef = E2B2A76B1BAF65DF00691884 /* SessionTableViewCell.swift */; settings = {ASSET_TAGS = (); }; };
		E2CD93FF1BBD22BD00A2F357 /* StudentsViewController.swift in Sources */ = {isa = PBXBuildFile; fileRef = E2CD93FE1BBD22BD00A2F357 /* StudentsViewController.swift */; settings = {ASSET_TAGS = (); }; };
		E2CD94011BBD2A3000A2F357 /* UsersFilterViewController.swift in Sources */ = {isa = PBXBuildFile; fileRef = E2CD94001BBD2A3000A2F357 /* UsersFilterViewController.swift */; settings = {ASSET_TAGS = (); }; };
		E2CF33BE1B9D3F2C00B8BE40 /* UrlBuilder.swift in Sources */ = {isa = PBXBuildFile; fileRef = E2CF33BD1B9D3F2C00B8BE40 /* UrlBuilder.swift */; };
		E2CF33C01B9D4D1800B8BE40 /* DictionaryHelper.swift in Sources */ = {isa = PBXBuildFile; fileRef = E2CF33BF1B9D4D1800B8BE40 /* DictionaryHelper.swift */; };
		E2CF33C21B9D5EF100B8BE40 /* UserService.swift in Sources */ = {isa = PBXBuildFile; fileRef = E2CF33C11B9D5EF100B8BE40 /* UserService.swift */; };
		E2DA52E31BB8E5FB00CB3793 /* SendAssistantCommentViewController.swift in Sources */ = {isa = PBXBuildFile; fileRef = E2DA52E21BB8E5FB00CB3793 /* SendAssistantCommentViewController.swift */; settings = {ASSET_TAGS = (); }; };
		E2DC077E1BBDDA3900304FDE /* PostDetailViewController.swift in Sources */ = {isa = PBXBuildFile; fileRef = E2DC077D1BBDDA3900304FDE /* PostDetailViewController.swift */; settings = {ASSET_TAGS = (); }; };
		E2DD0A7B1BB148B60038A358 /* VolunteerTableViewCell.swift in Sources */ = {isa = PBXBuildFile; fileRef = E2DD0A7A1BB148B60038A358 /* VolunteerTableViewCell.swift */; settings = {ASSET_TAGS = (); }; };
		E2DD26A01BBC49BC006A0A78 /* AssistantCommentsFilterViewController.swift in Sources */ = {isa = PBXBuildFile; fileRef = E2DD269F1BBC49BC006A0A78 /* AssistantCommentsFilterViewController.swift */; settings = {ASSET_TAGS = (); }; };
		E2DD26A21BBC5256006A0A78 /* DateFilterViewController.swift in Sources */ = {isa = PBXBuildFile; fileRef = E2DD26A11BBC5255006A0A78 /* DateFilterViewController.swift */; settings = {ASSET_TAGS = (); }; };
		E2DD26A41BBC526D006A0A78 /* SortingFilterViewController.swift in Sources */ = {isa = PBXBuildFile; fileRef = E2DD26A31BBC526D006A0A78 /* SortingFilterViewController.swift */; settings = {ASSET_TAGS = (); }; };
		E2DD3F0D1BAE325500DF40C2 /* CustomRefreshControlView.swift in Sources */ = {isa = PBXBuildFile; fileRef = E2DD3F0C1BAE325500DF40C2 /* CustomRefreshControlView.swift */; settings = {ASSET_TAGS = (); }; };
		E2DD53C11BABCB170034B31C /* ArticleTableViewCell.swift in Sources */ = {isa = PBXBuildFile; fileRef = E2DD53C01BABCB170034B31C /* ArticleTableViewCell.swift */; settings = {ASSET_TAGS = (); }; };
		E2DDD13E1BB3ABE20085D795 /* DocumentTableViewCell.swift in Sources */ = {isa = PBXBuildFile; fileRef = E2DDD13D1BB3ABE20085D795 /* DocumentTableViewCell.swift */; settings = {ASSET_TAGS = (); }; };
		E2DDD1401BB3DCA60085D795 /* ArticleDetailViewController.swift in Sources */ = {isa = PBXBuildFile; fileRef = E2DDD13F1BB3DCA60085D795 /* ArticleDetailViewController.swift */; settings = {ASSET_TAGS = (); }; };
		E2DDD1421BB3DCD00085D795 /* ArticlesViewController.swift in Sources */ = {isa = PBXBuildFile; fileRef = E2DDD1411BB3DCD00085D795 /* ArticlesViewController.swift */; settings = {ASSET_TAGS = (); }; };
		E2DDE3591BA641CE00C96CE5 /* CustomActivityIndicatorView.swift in Sources */ = {isa = PBXBuildFile; fileRef = E2DDE3581BA641CE00C96CE5 /* CustomActivityIndicatorView.swift */; };
		E2DDF91A1BBC8FB900000555 /* DateFilterTableViewCell.swift in Sources */ = {isa = PBXBuildFile; fileRef = E2DDF9191BBC8FB900000555 /* DateFilterTableViewCell.swift */; settings = {ASSET_TAGS = (); }; };
		E2DDF91C1BBC97D800000555 /* UIFontHelper.swift in Sources */ = {isa = PBXBuildFile; fileRef = E2DDF91B1BBC97D800000555 /* UIFontHelper.swift */; settings = {ASSET_TAGS = (); }; };
		E2DE92601BB4BC1100E762F8 /* BaseViewController.swift in Sources */ = {isa = PBXBuildFile; fileRef = E2DE925F1BB4BC1100E762F8 /* BaseViewController.swift */; settings = {ASSET_TAGS = (); }; };
		E2DF0F4C1BBCF9DD00F1D1D0 /* PostulationViewController.swift in Sources */ = {isa = PBXBuildFile; fileRef = E2DF0F4B1BBCF9DD00F1D1D0 /* PostulationViewController.swift */; settings = {ASSET_TAGS = (); }; };
		E2DF0F4E1BBCFA1E00F1D1D0 /* PostsViewController.swift in Sources */ = {isa = PBXBuildFile; fileRef = E2DF0F4D1BBCFA1E00F1D1D0 /* PostsViewController.swift */; settings = {ASSET_TAGS = (); }; };
		E2DF0F501BBCFA5400F1D1D0 /* UsersViewController.swift in Sources */ = {isa = PBXBuildFile; fileRef = E2DF0F4F1BBCFA5400F1D1D0 /* UsersViewController.swift */; settings = {ASSET_TAGS = (); }; };
		E2DF0F541BBCFB6C00F1D1D0 /* PostulationTableViewCell.swift in Sources */ = {isa = PBXBuildFile; fileRef = E2DF0F531BBCFB6C00F1D1D0 /* PostulationTableViewCell.swift */; settings = {ASSET_TAGS = (); }; };
		E2DF0F561BBD0F2000F1D1D0 /* BaseFilterViewController.swift in Sources */ = {isa = PBXBuildFile; fileRef = E2DF0F551BBD0F2000F1D1D0 /* BaseFilterViewController.swift */; settings = {ASSET_TAGS = (); }; };
		E2DF160C1BB1327600886D1A /* VolunteersViewController.swift in Sources */ = {isa = PBXBuildFile; fileRef = E2DF160B1BB1327600886D1A /* VolunteersViewController.swift */; settings = {ASSET_TAGS = (); }; };
		E2DF3F821BB7463D0010E81A /* ShowAssistantCommentView.xib in Resources */ = {isa = PBXBuildFile; fileRef = E2DF3F811BB7463D0010E81A /* ShowAssistantCommentView.xib */; settings = {ASSET_TAGS = (); }; };
		E2E0810B1BAF28FD0014803B /* SessionsViewController.swift in Sources */ = {isa = PBXBuildFile; fileRef = E2E0810A1BAF28FD0014803B /* SessionsViewController.swift */; settings = {ASSET_TAGS = (); }; };
		E2E09BA81BA92D6800C9A109 /* SettingsTableViewCell.swift in Sources */ = {isa = PBXBuildFile; fileRef = E2E09BA71BA92D6800C9A109 /* SettingsTableViewCell.swift */; };
		E2E0CCB81BB9FD5000067144 /* CameraViewController.swift in Sources */ = {isa = PBXBuildFile; fileRef = E2E0CCB71BB9FD5000067144 /* CameraViewController.swift */; settings = {ASSET_TAGS = (); }; };
		E2E0CCBA1BBA187700067144 /* UIImageHelper.swift in Sources */ = {isa = PBXBuildFile; fileRef = E2E0CCB91BBA187700067144 /* UIImageHelper.swift */; settings = {ASSET_TAGS = (); }; };
		E2E13AB81BA6AFF0004C6E45 /* ChasingDotsStyle.swift in Sources */ = {isa = PBXBuildFile; fileRef = E2E13AB51BA6AFF0004C6E45 /* ChasingDotsStyle.swift */; };
		E2E13AB91BA6AFF0004C6E45 /* CustomIndicatorStyle.swift in Sources */ = {isa = PBXBuildFile; fileRef = E2E13AB61BA6AFF0004C6E45 /* CustomIndicatorStyle.swift */; };
		E2E13ABA1BA6AFF0004C6E45 /* SpotifyLikeStyle.swift in Sources */ = {isa = PBXBuildFile; fileRef = E2E13AB71BA6AFF0004C6E45 /* SpotifyLikeStyle.swift */; };
		E2E13ABD1BA6B918004C6E45 /* SidebarViewController.swift in Sources */ = {isa = PBXBuildFile; fileRef = E2E13ABC1BA6B918004C6E45 /* SidebarViewController.swift */; };
		E2E16C171BA7E4D900F43776 /* Images.xcassets in Resources */ = {isa = PBXBuildFile; fileRef = E2E16C161BA7E4D900F43776 /* Images.xcassets */; };
		E2E1ACC81BAC903500070EB8 /* KeychainWrapper.m in Sources */ = {isa = PBXBuildFile; fileRef = E2E1ACC71BAC903500070EB8 /* KeychainWrapper.m */; settings = {ASSET_TAGS = (); }; };
		E2E1ACCA1BAC90C500070EB8 /* RefreshContentsView.xib in Resources */ = {isa = PBXBuildFile; fileRef = E2E1ACC91BAC90C500070EB8 /* RefreshContentsView.xib */; settings = {ASSET_TAGS = (); }; };
		E2E2A1F41BB6863F00B1CBB3 /* ShowAssistantCommentViewController.swift in Sources */ = {isa = PBXBuildFile; fileRef = E2E2A1F21BB6863F00B1CBB3 /* ShowAssistantCommentViewController.swift */; settings = {ASSET_TAGS = (); }; };
		E2E316AA1BB1C09C000D8DC7 /* AssistantsViewController.swift in Sources */ = {isa = PBXBuildFile; fileRef = E2E316A91BB1C09C000D8DC7 /* AssistantsViewController.swift */; settings = {ASSET_TAGS = (); }; };
		E2E316AC1BB1C87A000D8DC7 /* AssistantTableViewCell.swift in Sources */ = {isa = PBXBuildFile; fileRef = E2E316AB1BB1C87A000D8DC7 /* AssistantTableViewCell.swift */; settings = {ASSET_TAGS = (); }; };
		E2E346591BA7789B007232A9 /* SettingsViewController.swift in Sources */ = {isa = PBXBuildFile; fileRef = E2E346581BA7789B007232A9 /* SettingsViewController.swift */; };
		E2E3465B1BA77929007232A9 /* DonationsViewController.swift in Sources */ = {isa = PBXBuildFile; fileRef = E2E3465A1BA77929007232A9 /* DonationsViewController.swift */; };
		E2E4F7D61BBE395E00224059 /* AgeFilterTableViewCell.swift in Sources */ = {isa = PBXBuildFile; fileRef = E2E4F7D51BBE395E00224059 /* AgeFilterTableViewCell.swift */; settings = {ASSET_TAGS = (); }; };
		E2E4F80F1BBE3D4B00224059 /* UserTableViewCell.swift in Sources */ = {isa = PBXBuildFile; fileRef = E2E4F80E1BBE3D4B00224059 /* UserTableViewCell.swift */; settings = {ASSET_TAGS = (); }; };
		E2E4F8111BBE3D8600224059 /* PostTableViewCell.swift in Sources */ = {isa = PBXBuildFile; fileRef = E2E4F8101BBE3D8600224059 /* PostTableViewCell.swift */; settings = {ASSET_TAGS = (); }; };
		E2E4F8131BBE3D9300224059 /* StudentTableViewCell.swift in Sources */ = {isa = PBXBuildFile; fileRef = E2E4F8121BBE3D9300224059 /* StudentTableViewCell.swift */; settings = {ASSET_TAGS = (); }; };
		E2E4F8151BBE40FF00224059 /* Student.swift in Sources */ = {isa = PBXBuildFile; fileRef = E2E4F8141BBE40FF00224059 /* Student.swift */; settings = {ASSET_TAGS = (); }; };
		E2E4F8171BBE410C00224059 /* Post.swift in Sources */ = {isa = PBXBuildFile; fileRef = E2E4F8161BBE410C00224059 /* Post.swift */; settings = {ASSET_TAGS = (); }; };
		E2E56B391BA5549700D18F76 /* CALayerHelper.swift in Sources */ = {isa = PBXBuildFile; fileRef = E2E56B381BA5549700D18F76 /* CALayerHelper.swift */; };
		E2E56B491BA55A3700D18F76 /* Constants.swift in Sources */ = {isa = PBXBuildFile; fileRef = E2E56B461BA55A3700D18F76 /* Constants.swift */; };
		E2E56B4A1BA55A3700D18F76 /* DataLayer.swift in Sources */ = {isa = PBXBuildFile; fileRef = E2E56B471BA55A3700D18F76 /* DataLayer.swift */; };
		E2E56B4B1BA55A3700D18F76 /* Deserializable.swift in Sources */ = {isa = PBXBuildFile; fileRef = E2E56B481BA55A3700D18F76 /* Deserializable.swift */; };
		E2E587E01B993C1C008580D3 /* SignInViewController.swift in Sources */ = {isa = PBXBuildFile; fileRef = E2E587DF1B993C1C008580D3 /* SignInViewController.swift */; };
		E2E587E31B9961AB008580D3 /* UIColorHelper.swift in Sources */ = {isa = PBXBuildFile; fileRef = E2E587E21B9961AB008580D3 /* UIColorHelper.swift */; };
		E2E9CA491B97BA9200DC0EDA /* UIButtonHelper.swift in Sources */ = {isa = PBXBuildFile; fileRef = E2E9CA481B97BA9200DC0EDA /* UIButtonHelper.swift */; };
		E2E9CA4D1B97E4D400DC0EDA /* User.swift in Sources */ = {isa = PBXBuildFile; fileRef = E2E9CA4C1B97E4D400DC0EDA /* User.swift */; };
		E2ED7EEF1BC651E9001A7C29 /* ArticleMapViewController.swift in Sources */ = {isa = PBXBuildFile; fileRef = E2ED7EEE1BC651E9001A7C29 /* ArticleMapViewController.swift */; settings = {ASSET_TAGS = (); }; };
		E2ED7EF21BC668E5001A7C29 /* SchoolsMapViewController.swift in Sources */ = {isa = PBXBuildFile; fileRef = E2ED7EF11BC668E5001A7C29 /* SchoolsMapViewController.swift */; settings = {ASSET_TAGS = (); }; };
		E2F21EAF1BC63FD500CD474E /* CustomMapMarker.swift in Sources */ = {isa = PBXBuildFile; fileRef = E2F21EAE1BC63FD500CD474E /* CustomMapMarker.swift */; settings = {ASSET_TAGS = (); }; };
		E2F2D8251BC70308005DDEA2 /* RateVolunteerViewController.swift in Sources */ = {isa = PBXBuildFile; fileRef = E2F2D8241BC70308005DDEA2 /* RateVolunteerViewController.swift */; settings = {ASSET_TAGS = (); }; };
		E2F2D82A1BC7246B005DDEA2 /* PaymentsViewController.swift in Sources */ = {isa = PBXBuildFile; fileRef = E2F2D8291BC7246B005DDEA2 /* PaymentsViewController.swift */; settings = {ASSET_TAGS = (); }; };
		E2F2D82C1BC7710E005DDEA2 /* DepositPaymentViewController.swift in Sources */ = {isa = PBXBuildFile; fileRef = E2F2D82B1BC7710E005DDEA2 /* DepositPaymentViewController.swift */; settings = {ASSET_TAGS = (); }; };
		E2F2D8301BC77E08005DDEA2 /* PostAuthorDetailViewController.swift in Sources */ = {isa = PBXBuildFile; fileRef = E2F2D82F1BC77E08005DDEA2 /* PostAuthorDetailViewController.swift */; settings = {ASSET_TAGS = (); }; };
		E2F598D41BB29E4E00C0206E /* SessionComment.swift in Sources */ = {isa = PBXBuildFile; fileRef = E2F598D31BB29E4E00C0206E /* SessionComment.swift */; settings = {ASSET_TAGS = (); }; };
		E2F9C83D1BCF292800DBE7B9 /* CalendarViewController.swift in Sources */ = {isa = PBXBuildFile; fileRef = E2F9C83C1BCF292800DBE7B9 /* CalendarViewController.swift */; settings = {ASSET_TAGS = (); }; };
		E2F9C8911BCF47E000DBE7B9 /* CVAuxiliaryView.swift in Sources */ = {isa = PBXBuildFile; fileRef = E2F9C8761BCF47E000DBE7B9 /* CVAuxiliaryView.swift */; settings = {ASSET_TAGS = (); }; };
		E2F9C8921BCF47E000DBE7B9 /* CVCalendarContentViewController.swift in Sources */ = {isa = PBXBuildFile; fileRef = E2F9C8771BCF47E000DBE7B9 /* CVCalendarContentViewController.swift */; settings = {ASSET_TAGS = (); }; };
		E2F9C8931BCF47E000DBE7B9 /* CVCalendarDayView.swift in Sources */ = {isa = PBXBuildFile; fileRef = E2F9C8781BCF47E000DBE7B9 /* CVCalendarDayView.swift */; settings = {ASSET_TAGS = (); }; };
		E2F9C8941BCF47E000DBE7B9 /* CVCalendarDayViewControlCoordinator.swift in Sources */ = {isa = PBXBuildFile; fileRef = E2F9C8791BCF47E000DBE7B9 /* CVCalendarDayViewControlCoordinator.swift */; settings = {ASSET_TAGS = (); }; };
		E2F9C8951BCF47E000DBE7B9 /* CVCalendarManager.swift in Sources */ = {isa = PBXBuildFile; fileRef = E2F9C87A1BCF47E000DBE7B9 /* CVCalendarManager.swift */; settings = {ASSET_TAGS = (); }; };
		E2F9C8961BCF47E000DBE7B9 /* CVCalendarMenuView.swift in Sources */ = {isa = PBXBuildFile; fileRef = E2F9C87B1BCF47E000DBE7B9 /* CVCalendarMenuView.swift */; settings = {ASSET_TAGS = (); }; };
		E2F9C8971BCF47E000DBE7B9 /* CVCalendarMenuViewDelegate.swift in Sources */ = {isa = PBXBuildFile; fileRef = E2F9C87C1BCF47E000DBE7B9 /* CVCalendarMenuViewDelegate.swift */; settings = {ASSET_TAGS = (); }; };
		E2F9C8981BCF47E000DBE7B9 /* CVCalendarMonthContentViewController.swift in Sources */ = {isa = PBXBuildFile; fileRef = E2F9C87D1BCF47E000DBE7B9 /* CVCalendarMonthContentViewController.swift */; settings = {ASSET_TAGS = (); }; };
		E2F9C8991BCF47E000DBE7B9 /* CVCalendarMonthView.swift in Sources */ = {isa = PBXBuildFile; fileRef = E2F9C87E1BCF47E000DBE7B9 /* CVCalendarMonthView.swift */; settings = {ASSET_TAGS = (); }; };
		E2F9C89A1BCF47E000DBE7B9 /* CVCalendarTouchController.swift in Sources */ = {isa = PBXBuildFile; fileRef = E2F9C87F1BCF47E000DBE7B9 /* CVCalendarTouchController.swift */; settings = {ASSET_TAGS = (); }; };
		E2F9C89B1BCF47E000DBE7B9 /* CVCalendarView.swift in Sources */ = {isa = PBXBuildFile; fileRef = E2F9C8801BCF47E000DBE7B9 /* CVCalendarView.swift */; settings = {ASSET_TAGS = (); }; };
		E2F9C89C1BCF47E000DBE7B9 /* CVCalendarViewAnimator.swift in Sources */ = {isa = PBXBuildFile; fileRef = E2F9C8811BCF47E000DBE7B9 /* CVCalendarViewAnimator.swift */; settings = {ASSET_TAGS = (); }; };
		E2F9C89D1BCF47E000DBE7B9 /* CVCalendarViewAnimatorDelegate.swift in Sources */ = {isa = PBXBuildFile; fileRef = E2F9C8821BCF47E000DBE7B9 /* CVCalendarViewAnimatorDelegate.swift */; settings = {ASSET_TAGS = (); }; };
		E2F9C89E1BCF47E000DBE7B9 /* CVCalendarViewAppearance.swift in Sources */ = {isa = PBXBuildFile; fileRef = E2F9C8831BCF47E000DBE7B9 /* CVCalendarViewAppearance.swift */; settings = {ASSET_TAGS = (); }; };
		E2F9C89F1BCF47E000DBE7B9 /* CVCalendarViewAppearanceDelegate.swift in Sources */ = {isa = PBXBuildFile; fileRef = E2F9C8841BCF47E000DBE7B9 /* CVCalendarViewAppearanceDelegate.swift */; settings = {ASSET_TAGS = (); }; };
		E2F9C8A01BCF47E000DBE7B9 /* CVCalendarViewDelegate.swift in Sources */ = {isa = PBXBuildFile; fileRef = E2F9C8851BCF47E000DBE7B9 /* CVCalendarViewDelegate.swift */; settings = {ASSET_TAGS = (); }; };
		E2F9C8A11BCF47E000DBE7B9 /* CVCalendarViewPresentationMode.swift in Sources */ = {isa = PBXBuildFile; fileRef = E2F9C8861BCF47E000DBE7B9 /* CVCalendarViewPresentationMode.swift */; settings = {ASSET_TAGS = (); }; };
		E2F9C8A21BCF47E000DBE7B9 /* CVCalendarWeekContentViewController.swift in Sources */ = {isa = PBXBuildFile; fileRef = E2F9C8871BCF47E000DBE7B9 /* CVCalendarWeekContentViewController.swift */; settings = {ASSET_TAGS = (); }; };
		E2F9C8A31BCF47E000DBE7B9 /* CVCalendarWeekday.swift in Sources */ = {isa = PBXBuildFile; fileRef = E2F9C8881BCF47E000DBE7B9 /* CVCalendarWeekday.swift */; settings = {ASSET_TAGS = (); }; };
		E2F9C8A41BCF47E000DBE7B9 /* CVCalendarWeekView.swift in Sources */ = {isa = PBXBuildFile; fileRef = E2F9C8891BCF47E000DBE7B9 /* CVCalendarWeekView.swift */; settings = {ASSET_TAGS = (); }; };
		E2F9C8A51BCF47E000DBE7B9 /* CVDate.swift in Sources */ = {isa = PBXBuildFile; fileRef = E2F9C88A1BCF47E000DBE7B9 /* CVDate.swift */; settings = {ASSET_TAGS = (); }; };
		E2F9C8A61BCF47E000DBE7B9 /* CVRange.swift in Sources */ = {isa = PBXBuildFile; fileRef = E2F9C88B1BCF47E000DBE7B9 /* CVRange.swift */; settings = {ASSET_TAGS = (); }; };
		E2F9C8A71BCF47E000DBE7B9 /* CVScrollDirection.swift in Sources */ = {isa = PBXBuildFile; fileRef = E2F9C88C1BCF47E000DBE7B9 /* CVScrollDirection.swift */; settings = {ASSET_TAGS = (); }; };
		E2F9C8A81BCF47E000DBE7B9 /* CVSelectionType.swift in Sources */ = {isa = PBXBuildFile; fileRef = E2F9C88D1BCF47E000DBE7B9 /* CVSelectionType.swift */; settings = {ASSET_TAGS = (); }; };
		E2F9C8A91BCF47E000DBE7B9 /* CVSet.swift in Sources */ = {isa = PBXBuildFile; fileRef = E2F9C88E1BCF47E000DBE7B9 /* CVSet.swift */; settings = {ASSET_TAGS = (); }; };
		E2F9C8AA1BCF47E000DBE7B9 /* CVShape.swift in Sources */ = {isa = PBXBuildFile; fileRef = E2F9C88F1BCF47E000DBE7B9 /* CVShape.swift */; settings = {ASSET_TAGS = (); }; };
		E2F9C8AB1BCF47E000DBE7B9 /* CVWeekdaySymbolType.swift in Sources */ = {isa = PBXBuildFile; fileRef = E2F9C8901BCF47E000DBE7B9 /* CVWeekdaySymbolType.swift */; settings = {ASSET_TAGS = (); }; };
		E2FE3F481B9632DC006EEA91 /* AppDelegate.swift in Sources */ = {isa = PBXBuildFile; fileRef = E2FE3F471B9632DC006EEA91 /* AppDelegate.swift */; };
		E2FE3F4B1B9632DC006EEA91 /* EducaApp.xcdatamodeld in Sources */ = {isa = PBXBuildFile; fileRef = E2FE3F491B9632DC006EEA91 /* EducaApp.xcdatamodeld */; };
		E2FE3F501B9632DC006EEA91 /* Main.storyboard in Resources */ = {isa = PBXBuildFile; fileRef = E2FE3F4E1B9632DC006EEA91 /* Main.storyboard */; };
		E2FE3F551B9632DC006EEA91 /* LaunchScreen.xib in Resources */ = {isa = PBXBuildFile; fileRef = E2FE3F531B9632DC006EEA91 /* LaunchScreen.xib */; };
		E2FE3F611B9632DC006EEA91 /* EducaAppTests.swift in Sources */ = {isa = PBXBuildFile; fileRef = E2FE3F601B9632DC006EEA91 /* EducaAppTests.swift */; };
		E2FE3F721B9636E0006EEA91 /* SWRevealViewController.m in Sources */ = {isa = PBXBuildFile; fileRef = E2FE3F711B9636E0006EEA91 /* SWRevealViewController.m */; };
/* End PBXBuildFile section */

/* Begin PBXContainerItemProxy section */
		E2FE3F5B1B9632DC006EEA91 /* PBXContainerItemProxy */ = {
			isa = PBXContainerItemProxy;
			containerPortal = E2FE3F3A1B9632DC006EEA91 /* Project object */;
			proxyType = 1;
			remoteGlobalIDString = E2FE3F411B9632DC006EEA91;
			remoteInfo = EducaApp;
		};
/* End PBXContainerItemProxy section */

/* Begin PBXCopyFilesBuildPhase section */
		E2DDE34D1BA621A100C96CE5 /* Embed Frameworks */ = {
			isa = PBXCopyFilesBuildPhase;
			buildActionMask = 2147483647;
			dstPath = "";
			dstSubfolderSpec = 10;
			files = (
			);
			name = "Embed Frameworks";
			runOnlyForDeploymentPostprocessing = 0;
		};
/* End PBXCopyFilesBuildPhase section */

/* Begin PBXFileReference section */
		3766A7409970578ACAFAFA23 /* libPods.a */ = {isa = PBXFileReference; explicitFileType = archive.ar; includeInIndex = 0; path = libPods.a; sourceTree = BUILT_PRODUCTS_DIR; };
		B16CF1D03442508C54A2C811 /* Pods.release.xcconfig */ = {isa = PBXFileReference; includeInIndex = 1; lastKnownFileType = text.xcconfig; name = Pods.release.xcconfig; path = "Pods/Target Support Files/Pods/Pods.release.xcconfig"; sourceTree = "<group>"; };
		C330EF7BE42F7341323D4084 /* Pods.debug.xcconfig */ = {isa = PBXFileReference; includeInIndex = 1; lastKnownFileType = text.xcconfig; name = Pods.debug.xcconfig; path = "Pods/Target Support Files/Pods/Pods.debug.xcconfig"; sourceTree = "<group>"; };
		E202F74A1BB3658100D5E64D /* Document.swift */ = {isa = PBXFileReference; fileEncoding = 4; lastKnownFileType = sourcecode.swift; name = Document.swift; path = Models/Document.swift; sourceTree = "<group>"; };
		E208C68A1BB694F9005DF1EB /* Util.swift */ = {isa = PBXFileReference; fileEncoding = 4; lastKnownFileType = sourcecode.swift; name = Util.swift; path = Helpers/Util/Util.swift; sourceTree = "<group>"; };
		E21257B61BBCC779007425B2 /* SortingFilterTableViewCell.swift */ = {isa = PBXFileReference; fileEncoding = 4; lastKnownFileType = sourcecode.swift; name = SortingFilterTableViewCell.swift; path = Views/Cells/Filters/SortingFilterTableViewCell.swift; sourceTree = "<group>"; };
		E22E72201BBCC5DD0082FE4B /* AuthorContentTableViewCell.swift */ = {isa = PBXFileReference; fileEncoding = 4; lastKnownFileType = sourcecode.swift; name = AuthorContentTableViewCell.swift; path = Views/Cells/Filters/AuthorContentTableViewCell.swift; sourceTree = "<group>"; };
		E23D17FB1BB915C900AB8D18 /* UIViewHelper.swift */ = {isa = PBXFileReference; fileEncoding = 4; lastKnownFileType = sourcecode.swift; name = UIViewHelper.swift; path = Helpers/UIViewHelper.swift; sourceTree = "<group>"; };
		E241CF361BCA36CA00FE66A8 /* ArticleUser.swift */ = {isa = PBXFileReference; fileEncoding = 4; lastKnownFileType = sourcecode.swift; name = ArticleUser.swift; path = Models/ArticleUser.swift; sourceTree = "<group>"; };
		E246CE711BD1A2FA006A194D /* ImageAssests.swift */ = {isa = PBXFileReference; fileEncoding = 4; lastKnownFileType = sourcecode.swift; name = ImageAssests.swift; path = Helpers/Util/ImageAssests.swift; sourceTree = "<group>"; };
		E246CE731BD1B9B4006A194D /* ArrayHelper.swift */ = {isa = PBXFileReference; fileEncoding = 4; lastKnownFileType = sourcecode.swift; name = ArrayHelper.swift; path = Helpers/ArrayHelper.swift; sourceTree = "<group>"; };
		E246CE751BD1BDF4006A194D /* CollapseSectionHeaderView.swift */ = {isa = PBXFileReference; fileEncoding = 4; lastKnownFileType = sourcecode.swift; name = CollapseSectionHeaderView.swift; path = "Views/Custom Views/CollapseSectionHeaderView.swift"; sourceTree = "<group>"; };
		E246CE771BD1BE0F006A194D /* SessionCommentView.swift */ = {isa = PBXFileReference; fileEncoding = 4; lastKnownFileType = sourcecode.swift; name = SessionCommentView.swift; path = "Views/Custom Views/SessionCommentView.swift"; sourceTree = "<group>"; };
		E246CE791BD1BE1A006A194D /* CustomRatingView.swift */ = {isa = PBXFileReference; fileEncoding = 4; lastKnownFileType = sourcecode.swift; name = CustomRatingView.swift; path = "Views/Custom Views/CustomRatingView.swift"; sourceTree = "<group>"; };
		E246CE7B1BD1BE2E006A194D /* NMRangeSlider.h */ = {isa = PBXFileReference; fileEncoding = 4; lastKnownFileType = sourcecode.c.h; name = NMRangeSlider.h; path = Vendors/NMRangeSlider.h; sourceTree = "<group>"; };
		E246CE7C1BD1BE38006A194D /* NMRangeSlider.m */ = {isa = PBXFileReference; fileEncoding = 4; lastKnownFileType = sourcecode.c.objc; name = NMRangeSlider.m; path = Vendors/NMRangeSlider.m; sourceTree = "<group>"; };
		E246CE7E1BD1BE9D006A194D /* SessionCommentTableViewCell.swift */ = {isa = PBXFileReference; fileEncoding = 4; lastKnownFileType = sourcecode.swift; name = SessionCommentTableViewCell.swift; path = Views/Cells/SessionCommentTableViewCell.swift; sourceTree = "<group>"; };
		E246CE801BD1BFE4006A194D /* CollapseSectionHeaderView.xib */ = {isa = PBXFileReference; fileEncoding = 4; lastKnownFileType = file.xib; name = CollapseSectionHeaderView.xib; path = Views/Xibs/CollapseSectionHeaderView.xib; sourceTree = "<group>"; };
		E246CE811BD1BFE4006A194D /* PostAuthorDetailView.xib */ = {isa = PBXFileReference; fileEncoding = 4; lastKnownFileType = file.xib; name = PostAuthorDetailView.xib; path = Views/Xibs/PostAuthorDetailView.xib; sourceTree = "<group>"; };
		E253E3C31BCDDB34006A284F /* NotificationControlTableViewCell.swift */ = {isa = PBXFileReference; fileEncoding = 4; lastKnownFileType = sourcecode.swift; name = NotificationControlTableViewCell.swift; path = Views/Cells/NotificationControlTableViewCell.swift; sourceTree = "<group>"; };
		E25A5EF31BAFBC26000530F7 /* DocumentsViewController.swift */ = {isa = PBXFileReference; fileEncoding = 4; lastKnownFileType = sourcecode.swift; name = DocumentsViewController.swift; path = Controllers/Documents/DocumentsViewController.swift; sourceTree = "<group>"; };
		E25A5EF61BAFC58F000530F7 /* Session.swift */ = {isa = PBXFileReference; fileEncoding = 4; lastKnownFileType = sourcecode.swift; name = Session.swift; path = Models/Session.swift; sourceTree = "<group>"; };
		E26116E01BAB9E09002C0332 /* ArticleService.swift */ = {isa = PBXFileReference; fileEncoding = 4; lastKnownFileType = sourcecode.swift; name = ArticleService.swift; path = Networking/ArticleService.swift; sourceTree = "<group>"; };
		E26116E21BABA374002C0332 /* Article.swift */ = {isa = PBXFileReference; fileEncoding = 4; lastKnownFileType = sourcecode.swift; name = Article.swift; path = Models/Article.swift; sourceTree = "<group>"; };
		E264BB801BBDF7D800D4D7D5 /* StudentsFilterViewController.swift */ = {isa = PBXFileReference; fileEncoding = 4; lastKnownFileType = sourcecode.swift; name = StudentsFilterViewController.swift; path = Controllers/Filters/StudentsFilterViewController.swift; sourceTree = "<group>"; };
		E26916431BB264BC001B1160 /* AssistantDetailViewController.swift */ = {isa = PBXFileReference; fileEncoding = 4; lastKnownFileType = sourcecode.swift; name = AssistantDetailViewController.swift; path = Controllers/Sessions/AssistantDetailViewController.swift; sourceTree = "<group>"; };
		E279C83E1BBCCDD900FCC139 /* SortSelectionTableViewCell.swift */ = {isa = PBXFileReference; fileEncoding = 4; lastKnownFileType = sourcecode.swift; name = SortSelectionTableViewCell.swift; path = Views/Cells/Filters/SortSelectionTableViewCell.swift; sourceTree = "<group>"; };
		E2A41DDC1BC1A965003C00E9 /* SessionMapViewController.swift */ = {isa = PBXFileReference; fileEncoding = 4; lastKnownFileType = sourcecode.swift; name = SessionMapViewController.swift; path = Controllers/Sessions/SessionMapViewController.swift; sourceTree = "<group>"; };
		E2B2A76B1BAF65DF00691884 /* SessionTableViewCell.swift */ = {isa = PBXFileReference; fileEncoding = 4; lastKnownFileType = sourcecode.swift; name = SessionTableViewCell.swift; path = Views/Cells/SessionTableViewCell.swift; sourceTree = "<group>"; };
		E2CD93FE1BBD22BD00A2F357 /* StudentsViewController.swift */ = {isa = PBXFileReference; fileEncoding = 4; lastKnownFileType = sourcecode.swift; name = StudentsViewController.swift; path = Controllers/Students/StudentsViewController.swift; sourceTree = "<group>"; };
		E2CD94001BBD2A3000A2F357 /* UsersFilterViewController.swift */ = {isa = PBXFileReference; fileEncoding = 4; lastKnownFileType = sourcecode.swift; name = UsersFilterViewController.swift; path = Controllers/Filters/UsersFilterViewController.swift; sourceTree = "<group>"; };
		E2CF33BD1B9D3F2C00B8BE40 /* UrlBuilder.swift */ = {isa = PBXFileReference; fileEncoding = 4; lastKnownFileType = sourcecode.swift; name = UrlBuilder.swift; path = Networking/UrlBuilder.swift; sourceTree = "<group>"; };
		E2CF33BF1B9D4D1800B8BE40 /* DictionaryHelper.swift */ = {isa = PBXFileReference; fileEncoding = 4; lastKnownFileType = sourcecode.swift; name = DictionaryHelper.swift; path = Helpers/DictionaryHelper.swift; sourceTree = "<group>"; };
		E2CF33C11B9D5EF100B8BE40 /* UserService.swift */ = {isa = PBXFileReference; fileEncoding = 4; lastKnownFileType = sourcecode.swift; name = UserService.swift; path = Networking/UserService.swift; sourceTree = "<group>"; };
		E2DA52E21BB8E5FB00CB3793 /* SendAssistantCommentViewController.swift */ = {isa = PBXFileReference; fileEncoding = 4; lastKnownFileType = sourcecode.swift; name = SendAssistantCommentViewController.swift; path = Controllers/Sessions/SendAssistantCommentViewController.swift; sourceTree = "<group>"; };
		E2DC077D1BBDDA3900304FDE /* PostDetailViewController.swift */ = {isa = PBXFileReference; fileEncoding = 4; lastKnownFileType = sourcecode.swift; name = PostDetailViewController.swift; path = Controllers/Blog/PostDetailViewController.swift; sourceTree = "<group>"; };
		E2DD0A7A1BB148B60038A358 /* VolunteerTableViewCell.swift */ = {isa = PBXFileReference; fileEncoding = 4; lastKnownFileType = sourcecode.swift; name = VolunteerTableViewCell.swift; path = Views/Cells/VolunteerTableViewCell.swift; sourceTree = "<group>"; };
		E2DD269F1BBC49BC006A0A78 /* AssistantCommentsFilterViewController.swift */ = {isa = PBXFileReference; fileEncoding = 4; lastKnownFileType = sourcecode.swift; name = AssistantCommentsFilterViewController.swift; path = Controllers/Filters/AssistantCommentsFilterViewController.swift; sourceTree = "<group>"; };
		E2DD26A11BBC5255006A0A78 /* DateFilterViewController.swift */ = {isa = PBXFileReference; fileEncoding = 4; lastKnownFileType = sourcecode.swift; name = DateFilterViewController.swift; path = Controllers/Filters/DateFilterViewController.swift; sourceTree = "<group>"; };
		E2DD26A31BBC526D006A0A78 /* SortingFilterViewController.swift */ = {isa = PBXFileReference; fileEncoding = 4; lastKnownFileType = sourcecode.swift; name = SortingFilterViewController.swift; path = Controllers/Filters/SortingFilterViewController.swift; sourceTree = "<group>"; };
		E2DD3F0C1BAE325500DF40C2 /* CustomRefreshControlView.swift */ = {isa = PBXFileReference; fileEncoding = 4; lastKnownFileType = sourcecode.swift; name = CustomRefreshControlView.swift; path = "Views/Custom Views/CustomRefreshControlView.swift"; sourceTree = "<group>"; };
		E2DD53C01BABCB170034B31C /* ArticleTableViewCell.swift */ = {isa = PBXFileReference; fileEncoding = 4; lastKnownFileType = sourcecode.swift; name = ArticleTableViewCell.swift; path = Views/Cells/ArticleTableViewCell.swift; sourceTree = "<group>"; };
		E2DDD13D1BB3ABE20085D795 /* DocumentTableViewCell.swift */ = {isa = PBXFileReference; fileEncoding = 4; lastKnownFileType = sourcecode.swift; name = DocumentTableViewCell.swift; path = Views/Cells/DocumentTableViewCell.swift; sourceTree = "<group>"; };
		E2DDD13F1BB3DCA60085D795 /* ArticleDetailViewController.swift */ = {isa = PBXFileReference; fileEncoding = 4; lastKnownFileType = sourcecode.swift; name = ArticleDetailViewController.swift; path = Controllers/Articles/ArticleDetailViewController.swift; sourceTree = "<group>"; };
		E2DDD1411BB3DCD00085D795 /* ArticlesViewController.swift */ = {isa = PBXFileReference; fileEncoding = 4; lastKnownFileType = sourcecode.swift; name = ArticlesViewController.swift; path = Controllers/Articles/ArticlesViewController.swift; sourceTree = "<group>"; };
		E2DDE3581BA641CE00C96CE5 /* CustomActivityIndicatorView.swift */ = {isa = PBXFileReference; fileEncoding = 4; lastKnownFileType = sourcecode.swift; name = CustomActivityIndicatorView.swift; path = "Views/Custom Views/Custom Indicator View/CustomActivityIndicatorView.swift"; sourceTree = "<group>"; };
		E2DDF9191BBC8FB900000555 /* DateFilterTableViewCell.swift */ = {isa = PBXFileReference; fileEncoding = 4; lastKnownFileType = sourcecode.swift; name = DateFilterTableViewCell.swift; path = Views/Cells/Filters/DateFilterTableViewCell.swift; sourceTree = "<group>"; };
		E2DDF91B1BBC97D800000555 /* UIFontHelper.swift */ = {isa = PBXFileReference; fileEncoding = 4; lastKnownFileType = sourcecode.swift; name = UIFontHelper.swift; path = Helpers/UIFontHelper.swift; sourceTree = "<group>"; };
		E2DE925F1BB4BC1100E762F8 /* BaseViewController.swift */ = {isa = PBXFileReference; fileEncoding = 4; lastKnownFileType = sourcecode.swift; name = BaseViewController.swift; path = Controllers/Base/BaseViewController.swift; sourceTree = "<group>"; };
		E2DF0F4B1BBCF9DD00F1D1D0 /* PostulationViewController.swift */ = {isa = PBXFileReference; fileEncoding = 4; lastKnownFileType = sourcecode.swift; name = PostulationViewController.swift; path = Controllers/Postulation/PostulationViewController.swift; sourceTree = "<group>"; };
		E2DF0F4D1BBCFA1E00F1D1D0 /* PostsViewController.swift */ = {isa = PBXFileReference; fileEncoding = 4; lastKnownFileType = sourcecode.swift; name = PostsViewController.swift; path = Controllers/Blog/PostsViewController.swift; sourceTree = "<group>"; };
		E2DF0F4F1BBCFA5400F1D1D0 /* UsersViewController.swift */ = {isa = PBXFileReference; fileEncoding = 4; lastKnownFileType = sourcecode.swift; name = UsersViewController.swift; path = Controllers/Users/UsersViewController.swift; sourceTree = "<group>"; };
		E2DF0F531BBCFB6C00F1D1D0 /* PostulationTableViewCell.swift */ = {isa = PBXFileReference; fileEncoding = 4; lastKnownFileType = sourcecode.swift; name = PostulationTableViewCell.swift; path = Views/Cells/PostulationTableViewCell.swift; sourceTree = "<group>"; };
		E2DF0F551BBD0F2000F1D1D0 /* BaseFilterViewController.swift */ = {isa = PBXFileReference; fileEncoding = 4; lastKnownFileType = sourcecode.swift; name = BaseFilterViewController.swift; path = Controllers/Base/BaseFilterViewController.swift; sourceTree = "<group>"; };
		E2DF160B1BB1327600886D1A /* VolunteersViewController.swift */ = {isa = PBXFileReference; fileEncoding = 4; lastKnownFileType = sourcecode.swift; name = VolunteersViewController.swift; path = Controllers/Sessions/VolunteersViewController.swift; sourceTree = "<group>"; };
		E2DF3F811BB7463D0010E81A /* ShowAssistantCommentView.xib */ = {isa = PBXFileReference; fileEncoding = 4; lastKnownFileType = file.xib; name = ShowAssistantCommentView.xib; path = Views/Xibs/ShowAssistantCommentView.xib; sourceTree = "<group>"; };
		E2E0810A1BAF28FD0014803B /* SessionsViewController.swift */ = {isa = PBXFileReference; fileEncoding = 4; lastKnownFileType = sourcecode.swift; name = SessionsViewController.swift; path = Controllers/Sessions/SessionsViewController.swift; sourceTree = "<group>"; };
		E2E09BA71BA92D6800C9A109 /* SettingsTableViewCell.swift */ = {isa = PBXFileReference; fileEncoding = 4; lastKnownFileType = sourcecode.swift; name = SettingsTableViewCell.swift; path = Views/Cells/SettingsTableViewCell.swift; sourceTree = "<group>"; };
		E2E0CCB71BB9FD5000067144 /* CameraViewController.swift */ = {isa = PBXFileReference; fileEncoding = 4; lastKnownFileType = sourcecode.swift; name = CameraViewController.swift; path = Controllers/CameraViewController.swift; sourceTree = "<group>"; };
		E2E0CCB91BBA187700067144 /* UIImageHelper.swift */ = {isa = PBXFileReference; fileEncoding = 4; lastKnownFileType = sourcecode.swift; name = UIImageHelper.swift; path = Helpers/UIImageHelper.swift; sourceTree = "<group>"; };
		E2E13AB51BA6AFF0004C6E45 /* ChasingDotsStyle.swift */ = {isa = PBXFileReference; fileEncoding = 4; lastKnownFileType = sourcecode.swift; name = ChasingDotsStyle.swift; path = "Views/Custom Views/Custom Indicator View/Custom Styles/ChasingDotsStyle.swift"; sourceTree = "<group>"; };
		E2E13AB61BA6AFF0004C6E45 /* CustomIndicatorStyle.swift */ = {isa = PBXFileReference; fileEncoding = 4; lastKnownFileType = sourcecode.swift; name = CustomIndicatorStyle.swift; path = "Views/Custom Views/Custom Indicator View/Custom Styles/CustomIndicatorStyle.swift"; sourceTree = "<group>"; };
		E2E13AB71BA6AFF0004C6E45 /* SpotifyLikeStyle.swift */ = {isa = PBXFileReference; fileEncoding = 4; lastKnownFileType = sourcecode.swift; name = SpotifyLikeStyle.swift; path = "Views/Custom Views/Custom Indicator View/Custom Styles/SpotifyLikeStyle.swift"; sourceTree = "<group>"; };
		E2E13ABC1BA6B918004C6E45 /* SidebarViewController.swift */ = {isa = PBXFileReference; fileEncoding = 4; lastKnownFileType = sourcecode.swift; name = SidebarViewController.swift; path = Controllers/Sidebar/SidebarViewController.swift; sourceTree = "<group>"; };
		E2E16C161BA7E4D900F43776 /* Images.xcassets */ = {isa = PBXFileReference; lastKnownFileType = folder.assetcatalog; path = Images.xcassets; sourceTree = "<group>"; };
		E2E1ACC61BAC903500070EB8 /* KeychainWrapper.h */ = {isa = PBXFileReference; fileEncoding = 4; lastKnownFileType = sourcecode.c.h; name = KeychainWrapper.h; path = Vendors/KeychainWrapper.h; sourceTree = "<group>"; };
		E2E1ACC71BAC903500070EB8 /* KeychainWrapper.m */ = {isa = PBXFileReference; fileEncoding = 4; lastKnownFileType = sourcecode.c.objc; name = KeychainWrapper.m; path = Vendors/KeychainWrapper.m; sourceTree = "<group>"; };
		E2E1ACC91BAC90C500070EB8 /* RefreshContentsView.xib */ = {isa = PBXFileReference; fileEncoding = 4; lastKnownFileType = file.xib; name = RefreshContentsView.xib; path = Views/Xibs/RefreshContentsView.xib; sourceTree = "<group>"; };
		E2E2A1F21BB6863F00B1CBB3 /* ShowAssistantCommentViewController.swift */ = {isa = PBXFileReference; fileEncoding = 4; lastKnownFileType = sourcecode.swift; name = ShowAssistantCommentViewController.swift; path = Controllers/Sessions/ShowAssistantCommentViewController.swift; sourceTree = "<group>"; };
		E2E316A91BB1C09C000D8DC7 /* AssistantsViewController.swift */ = {isa = PBXFileReference; fileEncoding = 4; lastKnownFileType = sourcecode.swift; name = AssistantsViewController.swift; path = Controllers/Sessions/AssistantsViewController.swift; sourceTree = "<group>"; };
		E2E316AB1BB1C87A000D8DC7 /* AssistantTableViewCell.swift */ = {isa = PBXFileReference; fileEncoding = 4; lastKnownFileType = sourcecode.swift; name = AssistantTableViewCell.swift; path = Views/Cells/AssistantTableViewCell.swift; sourceTree = "<group>"; };
		E2E346581BA7789B007232A9 /* SettingsViewController.swift */ = {isa = PBXFileReference; fileEncoding = 4; lastKnownFileType = sourcecode.swift; name = SettingsViewController.swift; path = Controllers/Settings/SettingsViewController.swift; sourceTree = "<group>"; };
		E2E3465A1BA77929007232A9 /* DonationsViewController.swift */ = {isa = PBXFileReference; fileEncoding = 4; lastKnownFileType = sourcecode.swift; name = DonationsViewController.swift; path = Controllers/Donations/DonationsViewController.swift; sourceTree = "<group>"; };
		E2E4F7D51BBE395E00224059 /* AgeFilterTableViewCell.swift */ = {isa = PBXFileReference; fileEncoding = 4; lastKnownFileType = sourcecode.swift; name = AgeFilterTableViewCell.swift; path = Views/Cells/Filters/AgeFilterTableViewCell.swift; sourceTree = "<group>"; };
		E2E4F80E1BBE3D4B00224059 /* UserTableViewCell.swift */ = {isa = PBXFileReference; fileEncoding = 4; lastKnownFileType = sourcecode.swift; name = UserTableViewCell.swift; path = Views/Cells/UserTableViewCell.swift; sourceTree = "<group>"; };
		E2E4F8101BBE3D8600224059 /* PostTableViewCell.swift */ = {isa = PBXFileReference; fileEncoding = 4; lastKnownFileType = sourcecode.swift; name = PostTableViewCell.swift; path = Views/Cells/PostTableViewCell.swift; sourceTree = "<group>"; };
		E2E4F8121BBE3D9300224059 /* StudentTableViewCell.swift */ = {isa = PBXFileReference; fileEncoding = 4; lastKnownFileType = sourcecode.swift; name = StudentTableViewCell.swift; path = Views/Cells/StudentTableViewCell.swift; sourceTree = "<group>"; };
		E2E4F8141BBE40FF00224059 /* Student.swift */ = {isa = PBXFileReference; fileEncoding = 4; lastKnownFileType = sourcecode.swift; name = Student.swift; path = Models/Student.swift; sourceTree = "<group>"; };
		E2E4F8161BBE410C00224059 /* Post.swift */ = {isa = PBXFileReference; fileEncoding = 4; lastKnownFileType = sourcecode.swift; name = Post.swift; path = Models/Post.swift; sourceTree = "<group>"; };
		E2E56B381BA5549700D18F76 /* CALayerHelper.swift */ = {isa = PBXFileReference; fileEncoding = 4; lastKnownFileType = sourcecode.swift; name = CALayerHelper.swift; path = Helpers/CALayerHelper.swift; sourceTree = "<group>"; };
		E2E56B461BA55A3700D18F76 /* Constants.swift */ = {isa = PBXFileReference; fileEncoding = 4; lastKnownFileType = sourcecode.swift; name = Constants.swift; path = Helpers/Util/Constants.swift; sourceTree = "<group>"; };
		E2E56B471BA55A3700D18F76 /* DataLayer.swift */ = {isa = PBXFileReference; fileEncoding = 4; lastKnownFileType = sourcecode.swift; name = DataLayer.swift; path = Helpers/Util/DataLayer.swift; sourceTree = "<group>"; };
		E2E56B481BA55A3700D18F76 /* Deserializable.swift */ = {isa = PBXFileReference; fileEncoding = 4; lastKnownFileType = sourcecode.swift; name = Deserializable.swift; path = Helpers/Util/Deserializable.swift; sourceTree = "<group>"; };
		E2E587DF1B993C1C008580D3 /* SignInViewController.swift */ = {isa = PBXFileReference; fileEncoding = 4; lastKnownFileType = sourcecode.swift; name = SignInViewController.swift; path = Controllers/Authentication/SignInViewController.swift; sourceTree = "<group>"; };
		E2E587E21B9961AB008580D3 /* UIColorHelper.swift */ = {isa = PBXFileReference; fileEncoding = 4; lastKnownFileType = sourcecode.swift; name = UIColorHelper.swift; path = Helpers/UIColorHelper.swift; sourceTree = "<group>"; };
		E2E9CA481B97BA9200DC0EDA /* UIButtonHelper.swift */ = {isa = PBXFileReference; fileEncoding = 4; lastKnownFileType = sourcecode.swift; name = UIButtonHelper.swift; path = Helpers/UIButtonHelper.swift; sourceTree = "<group>"; };
		E2E9CA4C1B97E4D400DC0EDA /* User.swift */ = {isa = PBXFileReference; fileEncoding = 4; lastKnownFileType = sourcecode.swift; name = User.swift; path = Models/User.swift; sourceTree = "<group>"; };
		E2ED7EEE1BC651E9001A7C29 /* ArticleMapViewController.swift */ = {isa = PBXFileReference; fileEncoding = 4; lastKnownFileType = sourcecode.swift; name = ArticleMapViewController.swift; path = Controllers/Articles/ArticleMapViewController.swift; sourceTree = "<group>"; };
		E2ED7EF11BC668E5001A7C29 /* SchoolsMapViewController.swift */ = {isa = PBXFileReference; fileEncoding = 4; lastKnownFileType = sourcecode.swift; name = SchoolsMapViewController.swift; path = Controllers/Schools/SchoolsMapViewController.swift; sourceTree = "<group>"; };
		E2F21EAE1BC63FD500CD474E /* CustomMapMarker.swift */ = {isa = PBXFileReference; fileEncoding = 4; lastKnownFileType = sourcecode.swift; name = CustomMapMarker.swift; path = "Views/Custom Views/CustomMapMarker.swift"; sourceTree = "<group>"; };
		E2F2D8241BC70308005DDEA2 /* RateVolunteerViewController.swift */ = {isa = PBXFileReference; fileEncoding = 4; lastKnownFileType = sourcecode.swift; name = RateVolunteerViewController.swift; path = Controllers/Sessions/RateVolunteerViewController.swift; sourceTree = "<group>"; };
		E2F2D8291BC7246B005DDEA2 /* PaymentsViewController.swift */ = {isa = PBXFileReference; fileEncoding = 4; lastKnownFileType = sourcecode.swift; name = PaymentsViewController.swift; path = Controllers/Payments/PaymentsViewController.swift; sourceTree = "<group>"; };
		E2F2D82B1BC7710E005DDEA2 /* DepositPaymentViewController.swift */ = {isa = PBXFileReference; fileEncoding = 4; lastKnownFileType = sourcecode.swift; name = DepositPaymentViewController.swift; path = Controllers/Payments/DepositPaymentViewController.swift; sourceTree = "<group>"; };
		E2F2D82F1BC77E08005DDEA2 /* PostAuthorDetailViewController.swift */ = {isa = PBXFileReference; fileEncoding = 4; lastKnownFileType = sourcecode.swift; name = PostAuthorDetailViewController.swift; path = Controllers/Blog/PostAuthorDetailViewController.swift; sourceTree = "<group>"; };
		E2F598D31BB29E4E00C0206E /* SessionComment.swift */ = {isa = PBXFileReference; fileEncoding = 4; lastKnownFileType = sourcecode.swift; name = SessionComment.swift; path = Models/SessionComment.swift; sourceTree = "<group>"; };
		E2F9C83C1BCF292800DBE7B9 /* CalendarViewController.swift */ = {isa = PBXFileReference; fileEncoding = 4; lastKnownFileType = sourcecode.swift; name = CalendarViewController.swift; path = Controllers/Sessions/CalendarViewController.swift; sourceTree = "<group>"; };
		E2F9C8761BCF47E000DBE7B9 /* CVAuxiliaryView.swift */ = {isa = PBXFileReference; fileEncoding = 4; lastKnownFileType = sourcecode.swift; path = CVAuxiliaryView.swift; sourceTree = "<group>"; };
		E2F9C8771BCF47E000DBE7B9 /* CVCalendarContentViewController.swift */ = {isa = PBXFileReference; fileEncoding = 4; lastKnownFileType = sourcecode.swift; path = CVCalendarContentViewController.swift; sourceTree = "<group>"; };
		E2F9C8781BCF47E000DBE7B9 /* CVCalendarDayView.swift */ = {isa = PBXFileReference; fileEncoding = 4; lastKnownFileType = sourcecode.swift; path = CVCalendarDayView.swift; sourceTree = "<group>"; };
		E2F9C8791BCF47E000DBE7B9 /* CVCalendarDayViewControlCoordinator.swift */ = {isa = PBXFileReference; fileEncoding = 4; lastKnownFileType = sourcecode.swift; path = CVCalendarDayViewControlCoordinator.swift; sourceTree = "<group>"; };
		E2F9C87A1BCF47E000DBE7B9 /* CVCalendarManager.swift */ = {isa = PBXFileReference; fileEncoding = 4; lastKnownFileType = sourcecode.swift; path = CVCalendarManager.swift; sourceTree = "<group>"; };
		E2F9C87B1BCF47E000DBE7B9 /* CVCalendarMenuView.swift */ = {isa = PBXFileReference; fileEncoding = 4; lastKnownFileType = sourcecode.swift; path = CVCalendarMenuView.swift; sourceTree = "<group>"; };
		E2F9C87C1BCF47E000DBE7B9 /* CVCalendarMenuViewDelegate.swift */ = {isa = PBXFileReference; fileEncoding = 4; lastKnownFileType = sourcecode.swift; path = CVCalendarMenuViewDelegate.swift; sourceTree = "<group>"; };
		E2F9C87D1BCF47E000DBE7B9 /* CVCalendarMonthContentViewController.swift */ = {isa = PBXFileReference; fileEncoding = 4; lastKnownFileType = sourcecode.swift; path = CVCalendarMonthContentViewController.swift; sourceTree = "<group>"; };
		E2F9C87E1BCF47E000DBE7B9 /* CVCalendarMonthView.swift */ = {isa = PBXFileReference; fileEncoding = 4; lastKnownFileType = sourcecode.swift; path = CVCalendarMonthView.swift; sourceTree = "<group>"; };
		E2F9C87F1BCF47E000DBE7B9 /* CVCalendarTouchController.swift */ = {isa = PBXFileReference; fileEncoding = 4; lastKnownFileType = sourcecode.swift; path = CVCalendarTouchController.swift; sourceTree = "<group>"; };
		E2F9C8801BCF47E000DBE7B9 /* CVCalendarView.swift */ = {isa = PBXFileReference; fileEncoding = 4; lastKnownFileType = sourcecode.swift; path = CVCalendarView.swift; sourceTree = "<group>"; };
		E2F9C8811BCF47E000DBE7B9 /* CVCalendarViewAnimator.swift */ = {isa = PBXFileReference; fileEncoding = 4; lastKnownFileType = sourcecode.swift; path = CVCalendarViewAnimator.swift; sourceTree = "<group>"; };
		E2F9C8821BCF47E000DBE7B9 /* CVCalendarViewAnimatorDelegate.swift */ = {isa = PBXFileReference; fileEncoding = 4; lastKnownFileType = sourcecode.swift; path = CVCalendarViewAnimatorDelegate.swift; sourceTree = "<group>"; };
		E2F9C8831BCF47E000DBE7B9 /* CVCalendarViewAppearance.swift */ = {isa = PBXFileReference; fileEncoding = 4; lastKnownFileType = sourcecode.swift; path = CVCalendarViewAppearance.swift; sourceTree = "<group>"; };
		E2F9C8841BCF47E000DBE7B9 /* CVCalendarViewAppearanceDelegate.swift */ = {isa = PBXFileReference; fileEncoding = 4; lastKnownFileType = sourcecode.swift; path = CVCalendarViewAppearanceDelegate.swift; sourceTree = "<group>"; };
		E2F9C8851BCF47E000DBE7B9 /* CVCalendarViewDelegate.swift */ = {isa = PBXFileReference; fileEncoding = 4; lastKnownFileType = sourcecode.swift; path = CVCalendarViewDelegate.swift; sourceTree = "<group>"; };
		E2F9C8861BCF47E000DBE7B9 /* CVCalendarViewPresentationMode.swift */ = {isa = PBXFileReference; fileEncoding = 4; lastKnownFileType = sourcecode.swift; path = CVCalendarViewPresentationMode.swift; sourceTree = "<group>"; };
		E2F9C8871BCF47E000DBE7B9 /* CVCalendarWeekContentViewController.swift */ = {isa = PBXFileReference; fileEncoding = 4; lastKnownFileType = sourcecode.swift; path = CVCalendarWeekContentViewController.swift; sourceTree = "<group>"; };
		E2F9C8881BCF47E000DBE7B9 /* CVCalendarWeekday.swift */ = {isa = PBXFileReference; fileEncoding = 4; lastKnownFileType = sourcecode.swift; path = CVCalendarWeekday.swift; sourceTree = "<group>"; };
		E2F9C8891BCF47E000DBE7B9 /* CVCalendarWeekView.swift */ = {isa = PBXFileReference; fileEncoding = 4; lastKnownFileType = sourcecode.swift; path = CVCalendarWeekView.swift; sourceTree = "<group>"; };
		E2F9C88A1BCF47E000DBE7B9 /* CVDate.swift */ = {isa = PBXFileReference; fileEncoding = 4; lastKnownFileType = sourcecode.swift; path = CVDate.swift; sourceTree = "<group>"; };
		E2F9C88B1BCF47E000DBE7B9 /* CVRange.swift */ = {isa = PBXFileReference; fileEncoding = 4; lastKnownFileType = sourcecode.swift; path = CVRange.swift; sourceTree = "<group>"; };
		E2F9C88C1BCF47E000DBE7B9 /* CVScrollDirection.swift */ = {isa = PBXFileReference; fileEncoding = 4; lastKnownFileType = sourcecode.swift; path = CVScrollDirection.swift; sourceTree = "<group>"; };
		E2F9C88D1BCF47E000DBE7B9 /* CVSelectionType.swift */ = {isa = PBXFileReference; fileEncoding = 4; lastKnownFileType = sourcecode.swift; path = CVSelectionType.swift; sourceTree = "<group>"; };
		E2F9C88E1BCF47E000DBE7B9 /* CVSet.swift */ = {isa = PBXFileReference; fileEncoding = 4; lastKnownFileType = sourcecode.swift; path = CVSet.swift; sourceTree = "<group>"; };
		E2F9C88F1BCF47E000DBE7B9 /* CVShape.swift */ = {isa = PBXFileReference; fileEncoding = 4; lastKnownFileType = sourcecode.swift; path = CVShape.swift; sourceTree = "<group>"; };
		E2F9C8901BCF47E000DBE7B9 /* CVWeekdaySymbolType.swift */ = {isa = PBXFileReference; fileEncoding = 4; lastKnownFileType = sourcecode.swift; path = CVWeekdaySymbolType.swift; sourceTree = "<group>"; };
		E2FE3F421B9632DC006EEA91 /* EducaApp.app */ = {isa = PBXFileReference; explicitFileType = wrapper.application; includeInIndex = 0; path = EducaApp.app; sourceTree = BUILT_PRODUCTS_DIR; };
		E2FE3F461B9632DC006EEA91 /* Info.plist */ = {isa = PBXFileReference; lastKnownFileType = text.plist.xml; path = Info.plist; sourceTree = "<group>"; };
		E2FE3F471B9632DC006EEA91 /* AppDelegate.swift */ = {isa = PBXFileReference; lastKnownFileType = sourcecode.swift; path = AppDelegate.swift; sourceTree = "<group>"; };
		E2FE3F4A1B9632DC006EEA91 /* EducaApp.xcdatamodel */ = {isa = PBXFileReference; lastKnownFileType = wrapper.xcdatamodel; path = EducaApp.xcdatamodel; sourceTree = "<group>"; };
		E2FE3F4F1B9632DC006EEA91 /* Base */ = {isa = PBXFileReference; lastKnownFileType = file.storyboard; name = Base; path = Base.lproj/Main.storyboard; sourceTree = "<group>"; };
		E2FE3F541B9632DC006EEA91 /* Base */ = {isa = PBXFileReference; lastKnownFileType = file.xib; name = Base; path = Base.lproj/LaunchScreen.xib; sourceTree = "<group>"; };
		E2FE3F5A1B9632DC006EEA91 /* EducaAppTests.xctest */ = {isa = PBXFileReference; explicitFileType = wrapper.cfbundle; includeInIndex = 0; path = EducaAppTests.xctest; sourceTree = BUILT_PRODUCTS_DIR; };
		E2FE3F5F1B9632DC006EEA91 /* Info.plist */ = {isa = PBXFileReference; lastKnownFileType = text.plist.xml; path = Info.plist; sourceTree = "<group>"; };
		E2FE3F601B9632DC006EEA91 /* EducaAppTests.swift */ = {isa = PBXFileReference; lastKnownFileType = sourcecode.swift; path = EducaAppTests.swift; sourceTree = "<group>"; };
		E2FE3F6F1B9636E0006EEA91 /* EducaApp-Bridging-Header.h */ = {isa = PBXFileReference; fileEncoding = 4; lastKnownFileType = sourcecode.c.h; name = "EducaApp-Bridging-Header.h"; path = "Vendors/EducaApp-Bridging-Header.h"; sourceTree = "<group>"; };
		E2FE3F701B9636E0006EEA91 /* SWRevealViewController.h */ = {isa = PBXFileReference; fileEncoding = 4; lastKnownFileType = sourcecode.c.h; name = SWRevealViewController.h; path = Vendors/SWRevealViewController.h; sourceTree = "<group>"; };
		E2FE3F711B9636E0006EEA91 /* SWRevealViewController.m */ = {isa = PBXFileReference; fileEncoding = 4; lastKnownFileType = sourcecode.c.objc; name = SWRevealViewController.m; path = Vendors/SWRevealViewController.m; sourceTree = "<group>"; };
/* End PBXFileReference section */

/* Begin PBXFrameworksBuildPhase section */
		E2FE3F3F1B9632DC006EEA91 /* Frameworks */ = {
			isa = PBXFrameworksBuildPhase;
			buildActionMask = 2147483647;
			files = (
				239BBDB765A74B254C0F89BD /* libPods.a in Frameworks */,
			);
			runOnlyForDeploymentPostprocessing = 0;
		};
		E2FE3F571B9632DC006EEA91 /* Frameworks */ = {
			isa = PBXFrameworksBuildPhase;
			buildActionMask = 2147483647;
			files = (
			);
			runOnlyForDeploymentPostprocessing = 0;
		};
/* End PBXFrameworksBuildPhase section */

/* Begin PBXGroup section */
		4509FD8D46988630153142B1 /* Frameworks */ = {
			isa = PBXGroup;
			children = (
				3766A7409970578ACAFAFA23 /* libPods.a */,
			);
			name = Frameworks;
			sourceTree = "<group>";
		};
		81F096B20780BEE47EF22329 /* Pods */ = {
			isa = PBXGroup;
			children = (
				C330EF7BE42F7341323D4084 /* Pods.debug.xcconfig */,
				B16CF1D03442508C54A2C811 /* Pods.release.xcconfig */,
			);
			name = Pods;
			sourceTree = "<group>";
		};
		E25A5EF21BAFBBEA000530F7 /* Documents */ = {
			isa = PBXGroup;
			children = (
				E25A5EF31BAFBC26000530F7 /* DocumentsViewController.swift */,
			);
			name = Documents;
			sourceTree = "<group>";
		};
		E2CD93FD1BBD22AD00A2F357 /* Students */ = {
			isa = PBXGroup;
			children = (
				E2CD93FE1BBD22BD00A2F357 /* StudentsViewController.swift */,
			);
			name = Students;
			sourceTree = "<group>";
		};
		E2CF33BA1B9D2C5C00B8BE40 /* Networking */ = {
			isa = PBXGroup;
			children = (
				E2CF33BD1B9D3F2C00B8BE40 /* UrlBuilder.swift */,
				E2CF33C11B9D5EF100B8BE40 /* UserService.swift */,
				E26116E01BAB9E09002C0332 /* ArticleService.swift */,
			);
			name = Networking;
			sourceTree = "<group>";
		};
		E2DC87BE1BA0D48C0083B0A0 /* Util */ = {
			isa = PBXGroup;
			children = (
				E2E56B461BA55A3700D18F76 /* Constants.swift */,
				E2E56B471BA55A3700D18F76 /* DataLayer.swift */,
				E2E56B481BA55A3700D18F76 /* Deserializable.swift */,
				E208C68A1BB694F9005DF1EB /* Util.swift */,
				E246CE711BD1A2FA006A194D /* ImageAssests.swift */,
			);
			name = Util;
			sourceTree = "<group>";
		};
		E2DD269C1BBC4806006A0A78 /* Filters */ = {
			isa = PBXGroup;
			children = (
				E2DD269F1BBC49BC006A0A78 /* AssistantCommentsFilterViewController.swift */,
				E2DD26A11BBC5255006A0A78 /* DateFilterViewController.swift */,
				E2DD26A31BBC526D006A0A78 /* SortingFilterViewController.swift */,
				E2CD94001BBD2A3000A2F357 /* UsersFilterViewController.swift */,
				E264BB801BBDF7D800D4D7D5 /* StudentsFilterViewController.swift */,
			);
			name = Filters;
			sourceTree = "<group>";
		};
		E2DDF9181BBC8F7F00000555 /* Filters */ = {
			isa = PBXGroup;
			children = (
				E2DDF9191BBC8FB900000555 /* DateFilterTableViewCell.swift */,
				E22E72201BBCC5DD0082FE4B /* AuthorContentTableViewCell.swift */,
				E21257B61BBCC779007425B2 /* SortingFilterTableViewCell.swift */,
				E279C83E1BBCCDD900FCC139 /* SortSelectionTableViewCell.swift */,
				E2E4F7D51BBE395E00224059 /* AgeFilterTableViewCell.swift */,
			);
			name = Filters;
			sourceTree = "<group>";
		};
		E2DE925E1BB4BBEA00E762F8 /* Base */ = {
			isa = PBXGroup;
			children = (
				E2DE925F1BB4BC1100E762F8 /* BaseViewController.swift */,
				E2DF0F551BBD0F2000F1D1D0 /* BaseFilterViewController.swift */,
			);
			name = Base;
			sourceTree = "<group>";
		};
		E2DF00711BAA756100559630 /* Articles */ = {
			isa = PBXGroup;
			children = (
				E2DDD1411BB3DCD00085D795 /* ArticlesViewController.swift */,
				E2DDD13F1BB3DCA60085D795 /* ArticleDetailViewController.swift */,
				E2ED7EEE1BC651E9001A7C29 /* ArticleMapViewController.swift */,
			);
			name = Articles;
			sourceTree = "<group>";
		};
		E2DF0F481BBCF8E200F1D1D0 /* Postulation */ = {
			isa = PBXGroup;
			children = (
				E2DF0F4B1BBCF9DD00F1D1D0 /* PostulationViewController.swift */,
			);
			name = Postulation;
			sourceTree = "<group>";
		};
		E2DF0F491BBCF8ED00F1D1D0 /* Blog */ = {
			isa = PBXGroup;
			children = (
				E2DF0F4D1BBCFA1E00F1D1D0 /* PostsViewController.swift */,
				E2DC077D1BBDDA3900304FDE /* PostDetailViewController.swift */,
				E2F2D82F1BC77E08005DDEA2 /* PostAuthorDetailViewController.swift */,
			);
			name = Blog;
			sourceTree = "<group>";
		};
		E2DF0F4A1BBCF8F200F1D1D0 /* Users */ = {
			isa = PBXGroup;
			children = (
				E2DF0F4F1BBCFA5400F1D1D0 /* UsersViewController.swift */,
			);
			name = Users;
			sourceTree = "<group>";
		};
		E2E081091BAF28910014803B /* Sessions */ = {
			isa = PBXGroup;
			children = (
				E2E0810A1BAF28FD0014803B /* SessionsViewController.swift */,
				E2DF160B1BB1327600886D1A /* VolunteersViewController.swift */,
				E2E316A91BB1C09C000D8DC7 /* AssistantsViewController.swift */,
				E26916431BB264BC001B1160 /* AssistantDetailViewController.swift */,
				E2E2A1F21BB6863F00B1CBB3 /* ShowAssistantCommentViewController.swift */,
				E2DA52E21BB8E5FB00CB3793 /* SendAssistantCommentViewController.swift */,
				E2A41DDC1BC1A965003C00E9 /* SessionMapViewController.swift */,
				E2F2D8241BC70308005DDEA2 /* RateVolunteerViewController.swift */,
				E2F9C83C1BCF292800DBE7B9 /* CalendarViewController.swift */,
			);
			name = Sessions;
			sourceTree = "<group>";
		};
		E2E09BA61BA92D1F00C9A109 /* Cells */ = {
			isa = PBXGroup;
			children = (
				E246CE7E1BD1BE9D006A194D /* SessionCommentTableViewCell.swift */,
				E2DDF9181BBC8F7F00000555 /* Filters */,
				E2E09BA71BA92D6800C9A109 /* SettingsTableViewCell.swift */,
				E2DD53C01BABCB170034B31C /* ArticleTableViewCell.swift */,
				E2B2A76B1BAF65DF00691884 /* SessionTableViewCell.swift */,
				E2DD0A7A1BB148B60038A358 /* VolunteerTableViewCell.swift */,
				E2E316AB1BB1C87A000D8DC7 /* AssistantTableViewCell.swift */,
				E2DDD13D1BB3ABE20085D795 /* DocumentTableViewCell.swift */,
				E2DF0F531BBCFB6C00F1D1D0 /* PostulationTableViewCell.swift */,
				E2E4F80E1BBE3D4B00224059 /* UserTableViewCell.swift */,
				E2E4F8101BBE3D8600224059 /* PostTableViewCell.swift */,
				E2E4F8121BBE3D9300224059 /* StudentTableViewCell.swift */,
				E253E3C31BCDDB34006A284F /* NotificationControlTableViewCell.swift */,
			);
			name = Cells;
			sourceTree = "<group>";
		};
		E2E13ABB1BA6B8B6004C6E45 /* Sidebar */ = {
			isa = PBXGroup;
			children = (
				E2E13ABC1BA6B918004C6E45 /* SidebarViewController.swift */,
			);
			name = Sidebar;
			sourceTree = "<group>";
		};
		E2E1ACCB1BAC90CB00070EB8 /* Xibs */ = {
			isa = PBXGroup;
			children = (
				E246CE801BD1BFE4006A194D /* CollapseSectionHeaderView.xib */,
				E246CE811BD1BFE4006A194D /* PostAuthorDetailView.xib */,
				E2DF3F811BB7463D0010E81A /* ShowAssistantCommentView.xib */,
				E2E1ACC91BAC90C500070EB8 /* RefreshContentsView.xib */,
			);
			name = Xibs;
			sourceTree = "<group>";
		};
		E2E3464D1BA7777D007232A9 /* Donations */ = {
			isa = PBXGroup;
			children = (
				E2E3465A1BA77929007232A9 /* DonationsViewController.swift */,
			);
			name = Donations;
			sourceTree = "<group>";
		};
		E2E3464E1BA77785007232A9 /* Settings */ = {
			isa = PBXGroup;
			children = (
				E2E346581BA7789B007232A9 /* SettingsViewController.swift */,
			);
			name = Settings;
			sourceTree = "<group>";
		};
		E2E56B3A1BA5555900D18F76 /* Views */ = {
			isa = PBXGroup;
			children = (
				E2E09BA61BA92D1F00C9A109 /* Cells */,
				E2E56B3B1BA5555F00D18F76 /* Custom Views */,
				E2E1ACCB1BAC90CB00070EB8 /* Xibs */,
			);
			name = Views;
			sourceTree = "<group>";
		};
		E2E56B3B1BA5555F00D18F76 /* Custom Views */ = {
			isa = PBXGroup;
			children = (
				E246CE791BD1BE1A006A194D /* CustomRatingView.swift */,
				E246CE771BD1BE0F006A194D /* SessionCommentView.swift */,
				E246CE751BD1BDF4006A194D /* CollapseSectionHeaderView.swift */,
				E2F9C8751BCF47E000DBE7B9 /* Custom Calendar View */,
				E2E56B3E1BA556AC00D18F76 /* Custom Indicator View */,
				E2DD3F0C1BAE325500DF40C2 /* CustomRefreshControlView.swift */,
				E2F21EAE1BC63FD500CD474E /* CustomMapMarker.swift */,
			);
			name = "Custom Views";
			sourceTree = "<group>";
		};
		E2E56B3E1BA556AC00D18F76 /* Custom Indicator View */ = {
			isa = PBXGroup;
			children = (
				E2E56B451BA5595700D18F76 /* Custom Styles */,
				E2DDE3581BA641CE00C96CE5 /* CustomActivityIndicatorView.swift */,
			);
			name = "Custom Indicator View";
			sourceTree = "<group>";
		};
		E2E56B451BA5595700D18F76 /* Custom Styles */ = {
			isa = PBXGroup;
			children = (
				E2E13AB51BA6AFF0004C6E45 /* ChasingDotsStyle.swift */,
				E2E13AB61BA6AFF0004C6E45 /* CustomIndicatorStyle.swift */,
				E2E13AB71BA6AFF0004C6E45 /* SpotifyLikeStyle.swift */,
			);
			name = "Custom Styles";
			sourceTree = "<group>";
		};
		E2E587DE1B993BE6008580D3 /* Authentication */ = {
			isa = PBXGroup;
			children = (
				E2E587DF1B993C1C008580D3 /* SignInViewController.swift */,
			);
			name = Authentication;
			sourceTree = "<group>";
		};
		E2E9CA471B97BA6300DC0EDA /* Models */ = {
			isa = PBXGroup;
			children = (
				E202F74A1BB3658100D5E64D /* Document.swift */,
				E2E9CA4C1B97E4D400DC0EDA /* User.swift */,
				E26116E21BABA374002C0332 /* Article.swift */,
				E241CF361BCA36CA00FE66A8 /* ArticleUser.swift */,
				E25A5EF61BAFC58F000530F7 /* Session.swift */,
				E2F598D31BB29E4E00C0206E /* SessionComment.swift */,
				E2E4F8141BBE40FF00224059 /* Student.swift */,
				E2E4F8161BBE410C00224059 /* Post.swift */,
			);
			name = Models;
			sourceTree = "<group>";
		};
		E2ED7EF01BC665FC001A7C29 /* Schools */ = {
			isa = PBXGroup;
			children = (
				E2ED7EF11BC668E5001A7C29 /* SchoolsMapViewController.swift */,
			);
			name = Schools;
			sourceTree = "<group>";
		};
		E2F2D8281BC7243E005DDEA2 /* Payments */ = {
			isa = PBXGroup;
			children = (
				E2F2D8291BC7246B005DDEA2 /* PaymentsViewController.swift */,
				E2F2D82B1BC7710E005DDEA2 /* DepositPaymentViewController.swift */,
			);
			name = Payments;
			sourceTree = "<group>";
		};
		E2F9C8751BCF47E000DBE7B9 /* Custom Calendar View */ = {
			isa = PBXGroup;
			children = (
				E2F9C8761BCF47E000DBE7B9 /* CVAuxiliaryView.swift */,
				E2F9C8771BCF47E000DBE7B9 /* CVCalendarContentViewController.swift */,
				E2F9C8781BCF47E000DBE7B9 /* CVCalendarDayView.swift */,
				E2F9C8791BCF47E000DBE7B9 /* CVCalendarDayViewControlCoordinator.swift */,
				E2F9C87A1BCF47E000DBE7B9 /* CVCalendarManager.swift */,
				E2F9C87B1BCF47E000DBE7B9 /* CVCalendarMenuView.swift */,
				E2F9C87C1BCF47E000DBE7B9 /* CVCalendarMenuViewDelegate.swift */,
				E2F9C87D1BCF47E000DBE7B9 /* CVCalendarMonthContentViewController.swift */,
				E2F9C87E1BCF47E000DBE7B9 /* CVCalendarMonthView.swift */,
				E2F9C87F1BCF47E000DBE7B9 /* CVCalendarTouchController.swift */,
				E2F9C8801BCF47E000DBE7B9 /* CVCalendarView.swift */,
				E2F9C8811BCF47E000DBE7B9 /* CVCalendarViewAnimator.swift */,
				E2F9C8821BCF47E000DBE7B9 /* CVCalendarViewAnimatorDelegate.swift */,
				E2F9C8831BCF47E000DBE7B9 /* CVCalendarViewAppearance.swift */,
				E2F9C8841BCF47E000DBE7B9 /* CVCalendarViewAppearanceDelegate.swift */,
				E2F9C8851BCF47E000DBE7B9 /* CVCalendarViewDelegate.swift */,
				E2F9C8861BCF47E000DBE7B9 /* CVCalendarViewPresentationMode.swift */,
				E2F9C8871BCF47E000DBE7B9 /* CVCalendarWeekContentViewController.swift */,
				E2F9C8881BCF47E000DBE7B9 /* CVCalendarWeekday.swift */,
				E2F9C8891BCF47E000DBE7B9 /* CVCalendarWeekView.swift */,
				E2F9C88A1BCF47E000DBE7B9 /* CVDate.swift */,
				E2F9C88B1BCF47E000DBE7B9 /* CVRange.swift */,
				E2F9C88C1BCF47E000DBE7B9 /* CVScrollDirection.swift */,
				E2F9C88D1BCF47E000DBE7B9 /* CVSelectionType.swift */,
				E2F9C88E1BCF47E000DBE7B9 /* CVSet.swift */,
				E2F9C88F1BCF47E000DBE7B9 /* CVShape.swift */,
				E2F9C8901BCF47E000DBE7B9 /* CVWeekdaySymbolType.swift */,
			);
			name = "Custom Calendar View";
			path = "Views/Custom Views/Custom Calendar View";
			sourceTree = "<group>";
		};
		E2FE3F391B9632DC006EEA91 = {
			isa = PBXGroup;
			children = (
				E2FE3F441B9632DC006EEA91 /* EducaApp */,
				E2FE3F5D1B9632DC006EEA91 /* EducaAppTests */,
				E2FE3F431B9632DC006EEA91 /* Products */,
				81F096B20780BEE47EF22329 /* Pods */,
				4509FD8D46988630153142B1 /* Frameworks */,
			);
			sourceTree = "<group>";
		};
		E2FE3F431B9632DC006EEA91 /* Products */ = {
			isa = PBXGroup;
			children = (
				E2FE3F421B9632DC006EEA91 /* EducaApp.app */,
				E2FE3F5A1B9632DC006EEA91 /* EducaAppTests.xctest */,
			);
			name = Products;
			sourceTree = "<group>";
		};
		E2FE3F441B9632DC006EEA91 /* EducaApp */ = {
			isa = PBXGroup;
			children = (
				E2E9CA471B97BA6300DC0EDA /* Models */,
				E2FE3F731B96379A006EEA91 /* Controllers */,
				E2E56B3A1BA5555900D18F76 /* Views */,
				E2CF33BA1B9D2C5C00B8BE40 /* Networking */,
				E2FE3F7A1B96B1A7006EEA91 /* Helpers */,
				E2FE3F6A1B9633EF006EEA91 /* Vendors */,
				E2FE3F471B9632DC006EEA91 /* AppDelegate.swift */,
				E2E16C161BA7E4D900F43776 /* Images.xcassets */,
				E2FE3F4E1B9632DC006EEA91 /* Main.storyboard */,
				E2FE3F531B9632DC006EEA91 /* LaunchScreen.xib */,
				E2FE3F491B9632DC006EEA91 /* EducaApp.xcdatamodeld */,
				E2FE3F451B9632DC006EEA91 /* Supporting Files */,
			);
			path = EducaApp;
			sourceTree = "<group>";
		};
		E2FE3F451B9632DC006EEA91 /* Supporting Files */ = {
			isa = PBXGroup;
			children = (
				E2FE3F461B9632DC006EEA91 /* Info.plist */,
			);
			name = "Supporting Files";
			sourceTree = "<group>";
		};
		E2FE3F5D1B9632DC006EEA91 /* EducaAppTests */ = {
			isa = PBXGroup;
			children = (
				E2FE3F601B9632DC006EEA91 /* EducaAppTests.swift */,
				E2FE3F5E1B9632DC006EEA91 /* Supporting Files */,
			);
			path = EducaAppTests;
			sourceTree = "<group>";
		};
		E2FE3F5E1B9632DC006EEA91 /* Supporting Files */ = {
			isa = PBXGroup;
			children = (
				E2FE3F5F1B9632DC006EEA91 /* Info.plist */,
			);
			name = "Supporting Files";
			sourceTree = "<group>";
		};
		E2FE3F6A1B9633EF006EEA91 /* Vendors */ = {
			isa = PBXGroup;
			children = (
				E246CE7C1BD1BE38006A194D /* NMRangeSlider.m */,
				E246CE7B1BD1BE2E006A194D /* NMRangeSlider.h */,
				E2E1ACC61BAC903500070EB8 /* KeychainWrapper.h */,
				E2E1ACC71BAC903500070EB8 /* KeychainWrapper.m */,
				E2FE3F6F1B9636E0006EEA91 /* EducaApp-Bridging-Header.h */,
				E2FE3F701B9636E0006EEA91 /* SWRevealViewController.h */,
				E2FE3F711B9636E0006EEA91 /* SWRevealViewController.m */,
			);
			name = Vendors;
			sourceTree = "<group>";
		};
		E2FE3F731B96379A006EEA91 /* Controllers */ = {
			isa = PBXGroup;
			children = (
				E2DE925E1BB4BBEA00E762F8 /* Base */,
				E2E587DE1B993BE6008580D3 /* Authentication */,
				E2DF00711BAA756100559630 /* Articles */,
				E2DF0F491BBCF8ED00F1D1D0 /* Blog */,
				E25A5EF21BAFBBEA000530F7 /* Documents */,
				E2E3464D1BA7777D007232A9 /* Donations */,
				E2DD269C1BBC4806006A0A78 /* Filters */,
				E2F2D8281BC7243E005DDEA2 /* Payments */,
				E2DF0F481BBCF8E200F1D1D0 /* Postulation */,
				E2E3464E1BA77785007232A9 /* Settings */,
				E2ED7EF01BC665FC001A7C29 /* Schools */,
				E2E081091BAF28910014803B /* Sessions */,
				E2E13ABB1BA6B8B6004C6E45 /* Sidebar */,
				E2CD93FD1BBD22AD00A2F357 /* Students */,
				E2DF0F4A1BBCF8F200F1D1D0 /* Users */,
				E2E0CCB71BB9FD5000067144 /* CameraViewController.swift */,
			);
			name = Controllers;
			sourceTree = "<group>";
		};
		E2FE3F7A1B96B1A7006EEA91 /* Helpers */ = {
			isa = PBXGroup;
			children = (
				E2DC87BE1BA0D48C0083B0A0 /* Util */,
				E23D17FB1BB915C900AB8D18 /* UIViewHelper.swift */,
				E2E9CA481B97BA9200DC0EDA /* UIButtonHelper.swift */,
				E2E587E21B9961AB008580D3 /* UIColorHelper.swift */,
				E2CF33BF1B9D4D1800B8BE40 /* DictionaryHelper.swift */,
				E2E56B381BA5549700D18F76 /* CALayerHelper.swift */,
				E2E0CCB91BBA187700067144 /* UIImageHelper.swift */,
				E2DDF91B1BBC97D800000555 /* UIFontHelper.swift */,
				E246CE731BD1B9B4006A194D /* ArrayHelper.swift */,
			);
			name = Helpers;
			sourceTree = "<group>";
		};
/* End PBXGroup section */

/* Begin PBXNativeTarget section */
		E2FE3F411B9632DC006EEA91 /* EducaApp */ = {
			isa = PBXNativeTarget;
			buildConfigurationList = E2FE3F641B9632DC006EEA91 /* Build configuration list for PBXNativeTarget "EducaApp" */;
			buildPhases = (
				19C97DC4773B20F33E546C1F /* Check Pods Manifest.lock */,
				E2FE3F3E1B9632DC006EEA91 /* Sources */,
				E2FE3F3F1B9632DC006EEA91 /* Frameworks */,
				E2FE3F401B9632DC006EEA91 /* Resources */,
				064E8DAAC286032CAB72D9D0 /* Copy Pods Resources */,
				E2DDE34D1BA621A100C96CE5 /* Embed Frameworks */,
			);
			buildRules = (
			);
			dependencies = (
			);
			name = EducaApp;
			productName = EducaApp;
			productReference = E2FE3F421B9632DC006EEA91 /* EducaApp.app */;
			productType = "com.apple.product-type.application";
		};
		E2FE3F591B9632DC006EEA91 /* EducaAppTests */ = {
			isa = PBXNativeTarget;
			buildConfigurationList = E2FE3F671B9632DC006EEA91 /* Build configuration list for PBXNativeTarget "EducaAppTests" */;
			buildPhases = (
				E2FE3F561B9632DC006EEA91 /* Sources */,
				E2FE3F571B9632DC006EEA91 /* Frameworks */,
				E2FE3F581B9632DC006EEA91 /* Resources */,
			);
			buildRules = (
			);
			dependencies = (
				E2FE3F5C1B9632DC006EEA91 /* PBXTargetDependency */,
			);
			name = EducaAppTests;
			productName = EducaAppTests;
			productReference = E2FE3F5A1B9632DC006EEA91 /* EducaAppTests.xctest */;
			productType = "com.apple.product-type.bundle.unit-test";
		};
/* End PBXNativeTarget section */

/* Begin PBXProject section */
		E2FE3F3A1B9632DC006EEA91 /* Project object */ = {
			isa = PBXProject;
			attributes = {
				LastSwiftMigration = 0700;
				LastSwiftUpdateCheck = 0700;
				LastUpgradeCheck = 0700;
				ORGANIZATIONNAME = Alonso;
				TargetAttributes = {
					E2FE3F411B9632DC006EEA91 = {
						CreatedOnToolsVersion = 6.4;
						DevelopmentTeam = KL955RL3SL;
					};
					E2FE3F591B9632DC006EEA91 = {
						CreatedOnToolsVersion = 6.4;
						TestTargetID = E2FE3F411B9632DC006EEA91;
					};
				};
			};
			buildConfigurationList = E2FE3F3D1B9632DC006EEA91 /* Build configuration list for PBXProject "EducaApp" */;
			compatibilityVersion = "Xcode 3.2";
			developmentRegion = English;
			hasScannedForEncodings = 0;
			knownRegions = (
				en,
				Base,
			);
			mainGroup = E2FE3F391B9632DC006EEA91;
			productRefGroup = E2FE3F431B9632DC006EEA91 /* Products */;
			projectDirPath = "";
			projectRoot = "";
			targets = (
				E2FE3F411B9632DC006EEA91 /* EducaApp */,
				E2FE3F591B9632DC006EEA91 /* EducaAppTests */,
			);
		};
/* End PBXProject section */

/* Begin PBXResourcesBuildPhase section */
		E2FE3F401B9632DC006EEA91 /* Resources */ = {
			isa = PBXResourcesBuildPhase;
			buildActionMask = 2147483647;
			files = (
				E246CE831BD1BFE4006A194D /* PostAuthorDetailView.xib in Resources */,
				E2E16C171BA7E4D900F43776 /* Images.xcassets in Resources */,
				E2DF3F821BB7463D0010E81A /* ShowAssistantCommentView.xib in Resources */,
				E246CE821BD1BFE4006A194D /* CollapseSectionHeaderView.xib in Resources */,
				E2E1ACCA1BAC90C500070EB8 /* RefreshContentsView.xib in Resources */,
				E2FE3F501B9632DC006EEA91 /* Main.storyboard in Resources */,
				E2FE3F551B9632DC006EEA91 /* LaunchScreen.xib in Resources */,
			);
			runOnlyForDeploymentPostprocessing = 0;
		};
		E2FE3F581B9632DC006EEA91 /* Resources */ = {
			isa = PBXResourcesBuildPhase;
			buildActionMask = 2147483647;
			files = (
			);
			runOnlyForDeploymentPostprocessing = 0;
		};
/* End PBXResourcesBuildPhase section */

/* Begin PBXShellScriptBuildPhase section */
		064E8DAAC286032CAB72D9D0 /* Copy Pods Resources */ = {
			isa = PBXShellScriptBuildPhase;
			buildActionMask = 2147483647;
			files = (
			);
			inputPaths = (
			);
			name = "Copy Pods Resources";
			outputPaths = (
			);
			runOnlyForDeploymentPostprocessing = 0;
			shellPath = /bin/sh;
			shellScript = "\"${SRCROOT}/Pods/Target Support Files/Pods/Pods-resources.sh\"\n";
			showEnvVarsInLog = 0;
		};
		19C97DC4773B20F33E546C1F /* Check Pods Manifest.lock */ = {
			isa = PBXShellScriptBuildPhase;
			buildActionMask = 2147483647;
			files = (
			);
			inputPaths = (
			);
			name = "Check Pods Manifest.lock";
			outputPaths = (
			);
			runOnlyForDeploymentPostprocessing = 0;
			shellPath = /bin/sh;
			shellScript = "diff \"${PODS_ROOT}/../Podfile.lock\" \"${PODS_ROOT}/Manifest.lock\" > /dev/null\nif [[ $? != 0 ]] ; then\n    cat << EOM\nerror: The sandbox is not in sync with the Podfile.lock. Run 'pod install' or update your CocoaPods installation.\nEOM\n    exit 1\nfi\n";
			showEnvVarsInLog = 0;
		};
/* End PBXShellScriptBuildPhase section */

/* Begin PBXSourcesBuildPhase section */
		E2FE3F3E1B9632DC006EEA91 /* Sources */ = {
			isa = PBXSourcesBuildPhase;
			buildActionMask = 2147483647;
			files = (
				E2F9C8A41BCF47E000DBE7B9 /* CVCalendarWeekView.swift in Sources */,
				E2DD3F0D1BAE325500DF40C2 /* CustomRefreshControlView.swift in Sources */,
				E2CF33C21B9D5EF100B8BE40 /* UserService.swift in Sources */,
				E2E13ABA1BA6AFF0004C6E45 /* SpotifyLikeStyle.swift in Sources */,
				E2F2D82C1BC7710E005DDEA2 /* DepositPaymentViewController.swift in Sources */,
				E26116E11BAB9E09002C0332 /* ArticleService.swift in Sources */,
				E2F9C8A51BCF47E000DBE7B9 /* CVDate.swift in Sources */,
				E21257B71BBCC779007425B2 /* SortingFilterTableViewCell.swift in Sources */,
				E2FE3F4B1B9632DC006EEA91 /* EducaApp.xcdatamodeld in Sources */,
				E2DF0F541BBCFB6C00F1D1D0 /* PostulationTableViewCell.swift in Sources */,
				E2F9C8991BCF47E000DBE7B9 /* CVCalendarMonthView.swift in Sources */,
				E2FE3F721B9636E0006EEA91 /* SWRevealViewController.m in Sources */,
				E2FE3F481B9632DC006EEA91 /* AppDelegate.swift in Sources */,
				E253E3C41BCDDB34006A284F /* NotificationControlTableViewCell.swift in Sources */,
				E2E4F8171BBE410C00224059 /* Post.swift in Sources */,
				E2F9C89E1BCF47E000DBE7B9 /* CVCalendarViewAppearance.swift in Sources */,
				E2F9C8A11BCF47E000DBE7B9 /* CVCalendarViewPresentationMode.swift in Sources */,
				E2E3465B1BA77929007232A9 /* DonationsViewController.swift in Sources */,
				E2F9C8A81BCF47E000DBE7B9 /* CVSelectionType.swift in Sources */,
				E2E56B4B1BA55A3700D18F76 /* Deserializable.swift in Sources */,
				E25A5EF41BAFBC26000530F7 /* DocumentsViewController.swift in Sources */,
				E2E9CA4D1B97E4D400DC0EDA /* User.swift in Sources */,
				E2F9C8951BCF47E000DBE7B9 /* CVCalendarManager.swift in Sources */,
				E2F9C8AA1BCF47E000DBE7B9 /* CVShape.swift in Sources */,
				E2E56B4A1BA55A3700D18F76 /* DataLayer.swift in Sources */,
				E2F9C8AB1BCF47E000DBE7B9 /* CVWeekdaySymbolType.swift in Sources */,
				E2E0CCBA1BBA187700067144 /* UIImageHelper.swift in Sources */,
				E2CD94011BBD2A3000A2F357 /* UsersFilterViewController.swift in Sources */,
				E2F9C8981BCF47E000DBE7B9 /* CVCalendarMonthContentViewController.swift in Sources */,
				E241CF371BCA36CA00FE66A8 /* ArticleUser.swift in Sources */,
				E2F2D8251BC70308005DDEA2 /* RateVolunteerViewController.swift in Sources */,
				E2E13ABD1BA6B918004C6E45 /* SidebarViewController.swift in Sources */,
				E2DE92601BB4BC1100E762F8 /* BaseViewController.swift in Sources */,
				E2DD53C11BABCB170034B31C /* ArticleTableViewCell.swift in Sources */,
				E2E4F8151BBE40FF00224059 /* Student.swift in Sources */,
				E23D17FC1BB915C900AB8D18 /* UIViewHelper.swift in Sources */,
				E2E587E01B993C1C008580D3 /* SignInViewController.swift in Sources */,
				E2DD0A7B1BB148B60038A358 /* VolunteerTableViewCell.swift in Sources */,
				E2B2A76C1BAF65DF00691884 /* SessionTableViewCell.swift in Sources */,
				E2E316AA1BB1C09C000D8DC7 /* AssistantsViewController.swift in Sources */,
				E2DDE3591BA641CE00C96CE5 /* CustomActivityIndicatorView.swift in Sources */,
				E2E587E31B9961AB008580D3 /* UIColorHelper.swift in Sources */,
				E2DF0F561BBD0F2000F1D1D0 /* BaseFilterViewController.swift in Sources */,
				E2DD26A01BBC49BC006A0A78 /* AssistantCommentsFilterViewController.swift in Sources */,
				E25A5EF71BAFC58F000530F7 /* Session.swift in Sources */,
				E2DA52E31BB8E5FB00CB3793 /* SendAssistantCommentViewController.swift in Sources */,
				E2F9C89D1BCF47E000DBE7B9 /* CVCalendarViewAnimatorDelegate.swift in Sources */,
				E2DDF91C1BBC97D800000555 /* UIFontHelper.swift in Sources */,
				E2E346591BA7789B007232A9 /* SettingsViewController.swift in Sources */,
				E2DD26A41BBC526D006A0A78 /* SortingFilterViewController.swift in Sources */,
				E246CE7F1BD1BE9D006A194D /* SessionCommentTableViewCell.swift in Sources */,
				E2F9C83D1BCF292800DBE7B9 /* CalendarViewController.swift in Sources */,
				E2F21EAF1BC63FD500CD474E /* CustomMapMarker.swift in Sources */,
				E2F9C8A21BCF47E000DBE7B9 /* CVCalendarWeekContentViewController.swift in Sources */,
				E2ED7EEF1BC651E9001A7C29 /* ArticleMapViewController.swift in Sources */,
				E2E13AB81BA6AFF0004C6E45 /* ChasingDotsStyle.swift in Sources */,
				E2F598D41BB29E4E00C0206E /* SessionComment.swift in Sources */,
				E2F9C8911BCF47E000DBE7B9 /* CVAuxiliaryView.swift in Sources */,
				E2E4F8111BBE3D8600224059 /* PostTableViewCell.swift in Sources */,
				E2E09BA81BA92D6800C9A109 /* SettingsTableViewCell.swift in Sources */,
				E2F9C89F1BCF47E000DBE7B9 /* CVCalendarViewAppearanceDelegate.swift in Sources */,
				E202F74B1BB3658100D5E64D /* Document.swift in Sources */,
				E2E4F7D61BBE395E00224059 /* AgeFilterTableViewCell.swift in Sources */,
				E2F9C89A1BCF47E000DBE7B9 /* CVCalendarTouchController.swift in Sources */,
				E246CE7A1BD1BE1A006A194D /* CustomRatingView.swift in Sources */,
				E2E56B391BA5549700D18F76 /* CALayerHelper.swift in Sources */,
				E2DDD1401BB3DCA60085D795 /* ArticleDetailViewController.swift in Sources */,
				E2DF160C1BB1327600886D1A /* VolunteersViewController.swift in Sources */,
				E2E4F80F1BBE3D4B00224059 /* UserTableViewCell.swift in Sources */,
				E2ED7EF21BC668E5001A7C29 /* SchoolsMapViewController.swift in Sources */,
				E2F2D8301BC77E08005DDEA2 /* PostAuthorDetailViewController.swift in Sources */,
				E26116E31BABA374002C0332 /* Article.swift in Sources */,
				E2E316AC1BB1C87A000D8DC7 /* AssistantTableViewCell.swift in Sources */,
				E2CF33C01B9D4D1800B8BE40 /* DictionaryHelper.swift in Sources */,
				E2F9C8A31BCF47E000DBE7B9 /* CVCalendarWeekday.swift in Sources */,
				E2DDD1421BB3DCD00085D795 /* ArticlesViewController.swift in Sources */,
				E2CF33BE1B9D3F2C00B8BE40 /* UrlBuilder.swift in Sources */,
				E2E0810B1BAF28FD0014803B /* SessionsViewController.swift in Sources */,
				E2E2A1F41BB6863F00B1CBB3 /* ShowAssistantCommentViewController.swift in Sources */,
				E279C83F1BBCCDD900FCC139 /* SortSelectionTableViewCell.swift in Sources */,
				E2DF0F501BBCFA5400F1D1D0 /* UsersViewController.swift in Sources */,
				E2F9C8931BCF47E000DBE7B9 /* CVCalendarDayView.swift in Sources */,
				E246CE7D1BD1BE38006A194D /* NMRangeSlider.m in Sources */,
				E2F9C8941BCF47E000DBE7B9 /* CVCalendarDayViewControlCoordinator.swift in Sources */,
				E246CE721BD1A2FA006A194D /* ImageAssests.swift in Sources */,
				E2F9C8921BCF47E000DBE7B9 /* CVCalendarContentViewController.swift in Sources */,
				E2E0CCB81BB9FD5000067144 /* CameraViewController.swift in Sources */,
				E208C68B1BB694F9005DF1EB /* Util.swift in Sources */,
				E2F9C8961BCF47E000DBE7B9 /* CVCalendarMenuView.swift in Sources */,
				E2DF0F4E1BBCFA1E00F1D1D0 /* PostsViewController.swift in Sources */,
				E2E9CA491B97BA9200DC0EDA /* UIButtonHelper.swift in Sources */,
				E2E1ACC81BAC903500070EB8 /* KeychainWrapper.m in Sources */,
				E264BB811BBDF7D800D4D7D5 /* StudentsFilterViewController.swift in Sources */,
				E2DF0F4C1BBCF9DD00F1D1D0 /* PostulationViewController.swift in Sources */,
				E2F9C8A91BCF47E000DBE7B9 /* CVSet.swift in Sources */,
				E22E72211BBCC5DD0082FE4B /* AuthorContentTableViewCell.swift in Sources */,
				E2DD26A21BBC5256006A0A78 /* DateFilterViewController.swift in Sources */,
				E2E4F8131BBE3D9300224059 /* StudentTableViewCell.swift in Sources */,
				E26916441BB264BC001B1160 /* AssistantDetailViewController.swift in Sources */,
				E246CE741BD1B9B4006A194D /* ArrayHelper.swift in Sources */,
				E2DDD13E1BB3ABE20085D795 /* DocumentTableViewCell.swift in Sources */,
				E2E13AB91BA6AFF0004C6E45 /* CustomIndicatorStyle.swift in Sources */,
				E246CE761BD1BDF4006A194D /* CollapseSectionHeaderView.swift in Sources */,
				E2F2D82A1BC7246B005DDEA2 /* PaymentsViewController.swift in Sources */,
				E2A41DDD1BC1A965003C00E9 /* SessionMapViewController.swift in Sources */,
				E2F9C8A61BCF47E000DBE7B9 /* CVRange.swift in Sources */,
				E246CE781BD1BE0F006A194D /* SessionCommentView.swift in Sources */,
				E2DC077E1BBDDA3900304FDE /* PostDetailViewController.swift in Sources */,
				E2F9C8A71BCF47E000DBE7B9 /* CVScrollDirection.swift in Sources */,
				E2DDF91A1BBC8FB900000555 /* DateFilterTableViewCell.swift in Sources */,
				E2F9C8971BCF47E000DBE7B9 /* CVCalendarMenuViewDelegate.swift in Sources */,
				E2CD93FF1BBD22BD00A2F357 /* StudentsViewController.swift in Sources */,
				E2F9C89C1BCF47E000DBE7B9 /* CVCalendarViewAnimator.swift in Sources */,
				E2F9C8A01BCF47E000DBE7B9 /* CVCalendarViewDelegate.swift in Sources */,
				E2F9C89B1BCF47E000DBE7B9 /* CVCalendarView.swift in Sources */,
				E2E56B491BA55A3700D18F76 /* Constants.swift in Sources */,
			);
			runOnlyForDeploymentPostprocessing = 0;
		};
		E2FE3F561B9632DC006EEA91 /* Sources */ = {
			isa = PBXSourcesBuildPhase;
			buildActionMask = 2147483647;
			files = (
				E2FE3F611B9632DC006EEA91 /* EducaAppTests.swift in Sources */,
			);
			runOnlyForDeploymentPostprocessing = 0;
		};
/* End PBXSourcesBuildPhase section */

/* Begin PBXTargetDependency section */
		E2FE3F5C1B9632DC006EEA91 /* PBXTargetDependency */ = {
			isa = PBXTargetDependency;
			target = E2FE3F411B9632DC006EEA91 /* EducaApp */;
			targetProxy = E2FE3F5B1B9632DC006EEA91 /* PBXContainerItemProxy */;
		};
/* End PBXTargetDependency section */

/* Begin PBXVariantGroup section */
		E2FE3F4E1B9632DC006EEA91 /* Main.storyboard */ = {
			isa = PBXVariantGroup;
			children = (
				E2FE3F4F1B9632DC006EEA91 /* Base */,
			);
			name = Main.storyboard;
			sourceTree = "<group>";
		};
		E2FE3F531B9632DC006EEA91 /* LaunchScreen.xib */ = {
			isa = PBXVariantGroup;
			children = (
				E2FE3F541B9632DC006EEA91 /* Base */,
			);
			name = LaunchScreen.xib;
			sourceTree = "<group>";
		};
/* End PBXVariantGroup section */

/* Begin XCBuildConfiguration section */
		E2FE3F621B9632DC006EEA91 /* Debug */ = {
			isa = XCBuildConfiguration;
			buildSettings = {
				ALWAYS_SEARCH_USER_PATHS = NO;
				CLANG_CXX_LANGUAGE_STANDARD = "gnu++0x";
				CLANG_CXX_LIBRARY = "libc++";
				CLANG_ENABLE_MODULES = YES;
				CLANG_ENABLE_OBJC_ARC = YES;
				CLANG_WARN_BOOL_CONVERSION = YES;
				CLANG_WARN_CONSTANT_CONVERSION = YES;
				CLANG_WARN_DIRECT_OBJC_ISA_USAGE = YES_ERROR;
				CLANG_WARN_EMPTY_BODY = YES;
				CLANG_WARN_ENUM_CONVERSION = YES;
				CLANG_WARN_INT_CONVERSION = YES;
				CLANG_WARN_OBJC_ROOT_CLASS = YES_ERROR;
				CLANG_WARN_UNREACHABLE_CODE = YES;
				CLANG_WARN__DUPLICATE_METHOD_MATCH = YES;
				"CODE_SIGN_IDENTITY[sdk=iphoneos*]" = "iPhone Developer";
				COPY_PHASE_STRIP = NO;
				DEBUG_INFORMATION_FORMAT = "dwarf-with-dsym";
				ENABLE_STRICT_OBJC_MSGSEND = YES;
				ENABLE_TESTABILITY = YES;
				GCC_C_LANGUAGE_STANDARD = gnu99;
				GCC_DYNAMIC_NO_PIC = NO;
				GCC_NO_COMMON_BLOCKS = YES;
				GCC_OPTIMIZATION_LEVEL = 0;
				GCC_PREPROCESSOR_DEFINITIONS = (
					"DEBUG=1",
					"$(inherited)",
				);
				GCC_SYMBOLS_PRIVATE_EXTERN = NO;
				GCC_WARN_64_TO_32_BIT_CONVERSION = YES;
				GCC_WARN_ABOUT_RETURN_TYPE = YES_ERROR;
				GCC_WARN_UNDECLARED_SELECTOR = YES;
				GCC_WARN_UNINITIALIZED_AUTOS = YES_AGGRESSIVE;
				GCC_WARN_UNUSED_FUNCTION = YES;
				GCC_WARN_UNUSED_VARIABLE = YES;
				IPHONEOS_DEPLOYMENT_TARGET = 8.0;
				MTL_ENABLE_DEBUG_INFO = YES;
				ONLY_ACTIVE_ARCH = YES;
				OTHER_LDFLAGS = "";
				SDKROOT = iphoneos;
				SWIFT_OPTIMIZATION_LEVEL = "-Onone";
			};
			name = Debug;
		};
		E2FE3F631B9632DC006EEA91 /* Release */ = {
			isa = XCBuildConfiguration;
			buildSettings = {
				ALWAYS_SEARCH_USER_PATHS = NO;
				CLANG_CXX_LANGUAGE_STANDARD = "gnu++0x";
				CLANG_CXX_LIBRARY = "libc++";
				CLANG_ENABLE_MODULES = YES;
				CLANG_ENABLE_OBJC_ARC = YES;
				CLANG_WARN_BOOL_CONVERSION = YES;
				CLANG_WARN_CONSTANT_CONVERSION = YES;
				CLANG_WARN_DIRECT_OBJC_ISA_USAGE = YES_ERROR;
				CLANG_WARN_EMPTY_BODY = YES;
				CLANG_WARN_ENUM_CONVERSION = YES;
				CLANG_WARN_INT_CONVERSION = YES;
				CLANG_WARN_OBJC_ROOT_CLASS = YES_ERROR;
				CLANG_WARN_UNREACHABLE_CODE = YES;
				CLANG_WARN__DUPLICATE_METHOD_MATCH = YES;
				"CODE_SIGN_IDENTITY[sdk=iphoneos*]" = "iPhone Developer";
				COPY_PHASE_STRIP = NO;
				DEBUG_INFORMATION_FORMAT = "dwarf-with-dsym";
				ENABLE_NS_ASSERTIONS = NO;
				ENABLE_STRICT_OBJC_MSGSEND = YES;
				GCC_C_LANGUAGE_STANDARD = gnu99;
				GCC_NO_COMMON_BLOCKS = YES;
				GCC_WARN_64_TO_32_BIT_CONVERSION = YES;
				GCC_WARN_ABOUT_RETURN_TYPE = YES_ERROR;
				GCC_WARN_UNDECLARED_SELECTOR = YES;
				GCC_WARN_UNINITIALIZED_AUTOS = YES_AGGRESSIVE;
				GCC_WARN_UNUSED_FUNCTION = YES;
				GCC_WARN_UNUSED_VARIABLE = YES;
				IPHONEOS_DEPLOYMENT_TARGET = 8.0;
				MTL_ENABLE_DEBUG_INFO = NO;
				OTHER_LDFLAGS = "";
				SDKROOT = iphoneos;
				VALIDATE_PRODUCT = YES;
			};
			name = Release;
		};
		E2FE3F651B9632DC006EEA91 /* Debug */ = {
			isa = XCBuildConfiguration;
			baseConfigurationReference = C330EF7BE42F7341323D4084 /* Pods.debug.xcconfig */;
			buildSettings = {
				ASSETCATALOG_COMPILER_APPICON_NAME = AppIcon;
				CLANG_ENABLE_MODULES = YES;
				CODE_SIGN_IDENTITY = "iPhone Developer";
				"CODE_SIGN_IDENTITY[sdk=iphoneos*]" = "iPhone Developer";
				ENABLE_BITCODE = NO;
				INFOPLIST_FILE = EducaApp/Info.plist;
				IPHONEOS_DEPLOYMENT_TARGET = 8.0;
				LD_RUNPATH_SEARCH_PATHS = "$(inherited) @executable_path/Frameworks";
				PRODUCT_BUNDLE_IDENTIFIER = "com.alonso.$(PRODUCT_NAME:rfc1034identifier)";
				PRODUCT_NAME = "$(TARGET_NAME)";
				PROVISIONING_PROFILE = "";
				SDKROOT = iphoneos9.0;
				SWIFT_OBJC_BRIDGING_HEADER = "EducaApp/Vendors/EducaApp-Bridging-Header.h";
				SWIFT_OPTIMIZATION_LEVEL = "-Onone";
				TARGETED_DEVICE_FAMILY = "1,2";
			};
			name = Debug;
		};
		E2FE3F661B9632DC006EEA91 /* Release */ = {
			isa = XCBuildConfiguration;
			baseConfigurationReference = B16CF1D03442508C54A2C811 /* Pods.release.xcconfig */;
			buildSettings = {
				ASSETCATALOG_COMPILER_APPICON_NAME = AppIcon;
				CLANG_ENABLE_MODULES = YES;
				CODE_SIGN_IDENTITY = "iPhone Developer";
				"CODE_SIGN_IDENTITY[sdk=iphoneos*]" = "iPhone Developer";
				ENABLE_BITCODE = NO;
				INFOPLIST_FILE = EducaApp/Info.plist;
				IPHONEOS_DEPLOYMENT_TARGET = 8.0;
				LD_RUNPATH_SEARCH_PATHS = "$(inherited) @executable_path/Frameworks";
				PRODUCT_BUNDLE_IDENTIFIER = "com.alonso.$(PRODUCT_NAME:rfc1034identifier)";
				PRODUCT_NAME = "$(TARGET_NAME)";
				PROVISIONING_PROFILE = "";
				SDKROOT = iphoneos9.0;
				SWIFT_OBJC_BRIDGING_HEADER = "EducaApp/Vendors/EducaApp-Bridging-Header.h";
				TARGETED_DEVICE_FAMILY = "1,2";
			};
			name = Release;
		};
		E2FE3F681B9632DC006EEA91 /* Debug */ = {
			isa = XCBuildConfiguration;
			buildSettings = {
				BUNDLE_LOADER = "$(TEST_HOST)";
				GCC_PREPROCESSOR_DEFINITIONS = (
					"DEBUG=1",
					"$(inherited)",
				);
				INFOPLIST_FILE = EducaAppTests/Info.plist;
				LD_RUNPATH_SEARCH_PATHS = "$(inherited) @executable_path/Frameworks @loader_path/Frameworks";
				PRODUCT_BUNDLE_IDENTIFIER = "com.alonso.$(PRODUCT_NAME:rfc1034identifier)";
				PRODUCT_NAME = "$(TARGET_NAME)";
				TEST_HOST = "$(BUILT_PRODUCTS_DIR)/EducaApp.app/EducaApp";
			};
			name = Debug;
		};
		E2FE3F691B9632DC006EEA91 /* Release */ = {
			isa = XCBuildConfiguration;
			buildSettings = {
				BUNDLE_LOADER = "$(TEST_HOST)";
				INFOPLIST_FILE = EducaAppTests/Info.plist;
				LD_RUNPATH_SEARCH_PATHS = "$(inherited) @executable_path/Frameworks @loader_path/Frameworks";
				PRODUCT_BUNDLE_IDENTIFIER = "com.alonso.$(PRODUCT_NAME:rfc1034identifier)";
				PRODUCT_NAME = "$(TARGET_NAME)";
				TEST_HOST = "$(BUILT_PRODUCTS_DIR)/EducaApp.app/EducaApp";
			};
			name = Release;
		};
/* End XCBuildConfiguration section */

/* Begin XCConfigurationList section */
		E2FE3F3D1B9632DC006EEA91 /* Build configuration list for PBXProject "EducaApp" */ = {
			isa = XCConfigurationList;
			buildConfigurations = (
				E2FE3F621B9632DC006EEA91 /* Debug */,
				E2FE3F631B9632DC006EEA91 /* Release */,
			);
			defaultConfigurationIsVisible = 0;
			defaultConfigurationName = Release;
		};
		E2FE3F641B9632DC006EEA91 /* Build configuration list for PBXNativeTarget "EducaApp" */ = {
			isa = XCConfigurationList;
			buildConfigurations = (
				E2FE3F651B9632DC006EEA91 /* Debug */,
				E2FE3F661B9632DC006EEA91 /* Release */,
			);
			defaultConfigurationIsVisible = 0;
			defaultConfigurationName = Release;
		};
		E2FE3F671B9632DC006EEA91 /* Build configuration list for PBXNativeTarget "EducaAppTests" */ = {
			isa = XCConfigurationList;
			buildConfigurations = (
				E2FE3F681B9632DC006EEA91 /* Debug */,
				E2FE3F691B9632DC006EEA91 /* Release */,
			);
			defaultConfigurationIsVisible = 0;
			defaultConfigurationName = Release;
		};
/* End XCConfigurationList section */

/* Begin XCVersionGroup section */
		E2FE3F491B9632DC006EEA91 /* EducaApp.xcdatamodeld */ = {
			isa = XCVersionGroup;
			children = (
				E2FE3F4A1B9632DC006EEA91 /* EducaApp.xcdatamodel */,
			);
			currentVersion = E2FE3F4A1B9632DC006EEA91 /* EducaApp.xcdatamodel */;
			path = EducaApp.xcdatamodeld;
			sourceTree = "<group>";
			versionGroupType = wrapper.xcdatamodel;
		};
/* End XCVersionGroup section */
	};
	rootObject = E2FE3F3A1B9632DC006EEA91 /* Project object */;
}
